// !$*UTF8*$!
{
	archiveVersion = 1;
	classes = {
	};
	objectVersion = 55;
	objects = {

/* Begin PBXBuildFile section */
		05CC1C7A630B29F1D0706F8B /* Pods_Speedo_Transfer_App.framework in Frameworks */ = {isa = PBXBuildFile; fileRef = 7FAC409776E5E718E4D51EA6 /* Pods_Speedo_Transfer_App.framework */; };
		7C0BE2EB2C8F01520032626C /* Transaction+CoreDataProperties.swift in Sources */ = {isa = PBXBuildFile; fileRef = 7C0BE2E92C8F01510032626C /* Transaction+CoreDataProperties.swift */; };
		7C0BE2EC2C8F01520032626C /* Transaction+CoreDataClass.swift in Sources */ = {isa = PBXBuildFile; fileRef = 7C0BE2EA2C8F01510032626C /* Transaction+CoreDataClass.swift */; };
		7C0BE2EE2C8F2C2B0032626C /* SecondStepPresenter.swift in Sources */ = {isa = PBXBuildFile; fileRef = 7C0BE2ED2C8F2C2B0032626C /* SecondStepPresenter.swift */; };
		7C0BE2F02C8F2F860032626C /* ThirdStepPresenter.swift in Sources */ = {isa = PBXBuildFile; fileRef = 7C0BE2EF2C8F2F860032626C /* ThirdStepPresenter.swift */; };
		7C0BE2F22C8F32990032626C /* ContainerPagePresenter.swift in Sources */ = {isa = PBXBuildFile; fileRef = 7C0BE2F12C8F32990032626C /* ContainerPagePresenter.swift */; };
		7C0BE2F72C8F37040032626C /* Main.storyboard in Resources */ = {isa = PBXBuildFile; fileRef = 7C0BE2F62C8F37040032626C /* Main.storyboard */; };
		7C2C08482C8F4312004650B9 /* Main2.storyboard in Resources */ = {isa = PBXBuildFile; fileRef = 7C2C08452C8F4312004650B9 /* Main2.storyboard */; };
		7C2C08492C8F4312004650B9 /* Speedo Transfer App.xcdatamodeld in Sources */ = {isa = PBXBuildFile; fileRef = 7C2C08462C8F4312004650B9 /* Speedo Transfer App.xcdatamodeld */; };
		7C2C084B2C8F6871004650B9 /* String+Trimmed.swift in Sources */ = {isa = PBXBuildFile; fileRef = 7C2C084A2C8F6871004650B9 /* String+Trimmed.swift */; };
		7C3AC3D72C8B11D7004C4D2D /* FavouritesCell.swift in Sources */ = {isa = PBXBuildFile; fileRef = 7C3AC3D52C8B11D7004C4D2D /* FavouritesCell.swift */; };
		7C3AC3D82C8B11D7004C4D2D /* FavouritesCell.xib in Resources */ = {isa = PBXBuildFile; fileRef = 7C3AC3D62C8B11D7004C4D2D /* FavouritesCell.xib */; };
		7C3AC3DA2C8B11FB004C4D2D /* FavouritesVC.swift in Sources */ = {isa = PBXBuildFile; fileRef = 7C3AC3D92C8B11FB004C4D2D /* FavouritesVC.swift */; };
		7C3AC3DC2C8B12EA004C4D2D /* ProfileVC.swift in Sources */ = {isa = PBXBuildFile; fileRef = 7C3AC3DB2C8B12EA004C4D2D /* ProfileVC.swift */; };
		7C3AC3DE2C8B15E1004C4D2D /* HelpVC.swift in Sources */ = {isa = PBXBuildFile; fileRef = 7C3AC3DD2C8B15E1004C4D2D /* HelpVC.swift */; };
		7C3CFAB32C81C810003739CB /* OnboardingSlide.swift in Sources */ = {isa = PBXBuildFile; fileRef = 7C3CFAB22C81C810003739CB /* OnboardingSlide.swift */; };
		7C3CFAB52C81DF45003739CB /* OnboardingCollectionViewCell.swift in Sources */ = {isa = PBXBuildFile; fileRef = 7C3CFAB42C81DF45003739CB /* OnboardingCollectionViewCell.swift */; };
		7C6870C42C8CC03200C54A12 /* TransactionInfoVC.swift in Sources */ = {isa = PBXBuildFile; fileRef = 7C6870C32C8CC03100C54A12 /* TransactionInfoVC.swift */; };
		7C6870C62C8CD90D00C54A12 /* NotificationsVC.swift in Sources */ = {isa = PBXBuildFile; fileRef = 7C6870C52C8CD90D00C54A12 /* NotificationsVC.swift */; };
		7C6870C92C8CD99000C54A12 /* NotificationCell.swift in Sources */ = {isa = PBXBuildFile; fileRef = 7C6870C72C8CD99000C54A12 /* NotificationCell.swift */; };
		7C9A656B2C8A1B6A009DFE5C /* LocalNotificationManager.swift in Sources */ = {isa = PBXBuildFile; fileRef = 7C9A656A2C8A1B6A009DFE5C /* LocalNotificationManager.swift */; };
		7C9A656E2C8A3212009DFE5C /* MoreTableCell.swift in Sources */ = {isa = PBXBuildFile; fileRef = 7C9A656C2C8A3212009DFE5C /* MoreTableCell.swift */; };
		7C9A656F2C8A3212009DFE5C /* MoreTableCell.xib in Resources */ = {isa = PBXBuildFile; fileRef = 7C9A656D2C8A3212009DFE5C /* MoreTableCell.xib */; };
		7C9A65712C8A59DA009DFE5C /* MoreCellModel.swift in Sources */ = {isa = PBXBuildFile; fileRef = 7C9A65702C8A59DA009DFE5C /* MoreCellModel.swift */; };
		7C9D523B2C867C8A0061DF52 /* CustomTextField.swift in Sources */ = {isa = PBXBuildFile; fileRef = 7C9D523A2C867C8A0061DF52 /* CustomTextField.swift */; };
		7C9DC6582C848B880095E8C5 /* RecentTransactionCell.swift in Sources */ = {isa = PBXBuildFile; fileRef = 7C9DC6562C848B880095E8C5 /* RecentTransactionCell.swift */; };
		7C9DC6592C848B880095E8C5 /* RecentTransactionCell.xib in Resources */ = {isa = PBXBuildFile; fileRef = 7C9DC6572C848B880095E8C5 /* RecentTransactionCell.xib */; };
		7C9E3A232C8749C500F304D3 /* FavouriteListCell.swift in Sources */ = {isa = PBXBuildFile; fileRef = 7C9E3A212C8749C500F304D3 /* FavouriteListCell.swift */; };
		7C9E3A242C8749C500F304D3 /* FavouriteListCell.xib in Resources */ = {isa = PBXBuildFile; fileRef = 7C9E3A222C8749C500F304D3 /* FavouriteListCell.xib */; };
		7C9E3A262C874D2D00F304D3 /* FavouriteListVC.swift in Sources */ = {isa = PBXBuildFile; fileRef = 7C9E3A252C874D2D00F304D3 /* FavouriteListVC.swift */; };
		7C9E3A292C8770EE00F304D3 /* CustomButton.swift in Sources */ = {isa = PBXBuildFile; fileRef = 7C9E3A282C8770EE00F304D3 /* CustomButton.swift */; };
		7C9E83F32C8582B5000FFDE6 /* show.swift in Sources */ = {isa = PBXBuildFile; fileRef = 7C9E83F22C8582B5000FFDE6 /* show.swift */; };
		7C9E83F62C85843E000FFDE6 /* APIManager.swift in Sources */ = {isa = PBXBuildFile; fileRef = 7C9E83F52C85843E000FFDE6 /* APIManager.swift */; };
		7CA1366C2C8898D100D9F001 /* Speedo Transfer App.xcdatamodeld in Sources */ = {isa = PBXBuildFile; fileRef = 7CA1366A2C8898D100D9F001 /* Speedo Transfer App.xcdatamodeld */; };
		7CA140112C8225750018232D /* NoInternetVC.swift in Sources */ = {isa = PBXBuildFile; fileRef = 7CA140102C8225750018232D /* NoInternetVC.swift */; };
		7CA140132C822E150018232D /* ServerErrorVC.swift in Sources */ = {isa = PBXBuildFile; fileRef = 7CA140122C822E150018232D /* ServerErrorVC.swift */; };
		7CA2BAB92C83BE3D00774097 /* CustomStepControl.swift in Sources */ = {isa = PBXBuildFile; fileRef = 7CA2BAB82C83BE3D00774097 /* CustomStepControl.swift */; };
		7CA473812C8310EF00D0EDE3 /* CustomLabel.swift in Sources */ = {isa = PBXBuildFile; fileRef = 7CA473802C8310EF00D0EDE3 /* CustomLabel.swift */; };
		7CA473852C8329D300D0EDE3 /* HomeVC.swift in Sources */ = {isa = PBXBuildFile; fileRef = 7CA473842C8329D300D0EDE3 /* HomeVC.swift */; };
		7CA473872C832A9F00D0EDE3 /* CustomTapBar.swift in Sources */ = {isa = PBXBuildFile; fileRef = 7CA473862C832A9F00D0EDE3 /* CustomTapBar.swift */; };
		7CA4738A2C8335BA00D0EDE3 /* FirstStepVC.swift in Sources */ = {isa = PBXBuildFile; fileRef = 7CA473892C8335BA00D0EDE3 /* FirstStepVC.swift */; };
		7CA4738D2C8335DD00D0EDE3 /* TransactionsVC.swift in Sources */ = {isa = PBXBuildFile; fileRef = 7CA4738C2C8335DD00D0EDE3 /* TransactionsVC.swift */; };
		7CA473902C8335FE00D0EDE3 /* MoreVC.swift in Sources */ = {isa = PBXBuildFile; fileRef = 7CA4738F2C8335FE00D0EDE3 /* MoreVC.swift */; };
		7CA473922C8354BB00D0EDE3 /* SecondStepVC.swift in Sources */ = {isa = PBXBuildFile; fileRef = 7CA473912C8354BB00D0EDE3 /* SecondStepVC.swift */; };
		7CA473942C8354D000D0EDE3 /* ThirdStepVC.swift in Sources */ = {isa = PBXBuildFile; fileRef = 7CA473932C8354D000D0EDE3 /* ThirdStepVC.swift */; };
		7CA78DDE2C8C71A200316F3D /* TransactionsListCell.swift in Sources */ = {isa = PBXBuildFile; fileRef = 7CA78DDC2C8C71A200316F3D /* TransactionsListCell.swift */; };
		7CA78DDF2C8C71A200316F3D /* TransactionsListCell.xib in Resources */ = {isa = PBXBuildFile; fileRef = 7CA78DDD2C8C71A200316F3D /* TransactionsListCell.xib */; };
		7CAC47702C826AC900439771 /* CustomPinkColor.swift in Sources */ = {isa = PBXBuildFile; fileRef = 7CAC476F2C826AC900439771 /* CustomPinkColor.swift */; };
		7CB4E12D2C8DE3BD00C5AB04 /* HomePresenter.swift in Sources */ = {isa = PBXBuildFile; fileRef = 7CB4E12C2C8DE3BD00C5AB04 /* HomePresenter.swift */; };
		7CB4E12F2C8E01DC00C5AB04 /* NotificationPresenter.swift in Sources */ = {isa = PBXBuildFile; fileRef = 7CB4E12E2C8E01DC00C5AB04 /* NotificationPresenter.swift */; };
		7CB4E1312C8E0EB900C5AB04 /* FavouritesPresenter.swift in Sources */ = {isa = PBXBuildFile; fileRef = 7CB4E1302C8E0EB900C5AB04 /* FavouritesPresenter.swift */; };
		7CB4E1332C8E3A4800C5AB04 /* EditFavouritePresenter.swift in Sources */ = {isa = PBXBuildFile; fileRef = 7CB4E1322C8E3A4800C5AB04 /* EditFavouritePresenter.swift */; };
		7CB4E1352C8E5AB200C5AB04 /* MorePresenter.swift in Sources */ = {isa = PBXBuildFile; fileRef = 7CB4E1342C8E5AB200C5AB04 /* MorePresenter.swift */; };
		7CB4E1382C8E6D8A00C5AB04 /* TransactionService.swift in Sources */ = {isa = PBXBuildFile; fileRef = 7CB4E1372C8E6D8A00C5AB04 /* TransactionService.swift */; };
		7CB4E13A2C8E72DE00C5AB04 /* TransactionsPresenter.swift in Sources */ = {isa = PBXBuildFile; fileRef = 7CB4E1392C8E72DD00C5AB04 /* TransactionsPresenter.swift */; };
		7CB4E13C2C8E767600C5AB04 /* OnboardingPresenter.swift in Sources */ = {isa = PBXBuildFile; fileRef = 7CB4E13B2C8E767600C5AB04 /* OnboardingPresenter.swift */; };
		7CB4E13E2C8E7F7100C5AB04 /* FirstStepPresenter.swift in Sources */ = {isa = PBXBuildFile; fileRef = 7CB4E13D2C8E7F7100C5AB04 /* FirstStepPresenter.swift */; };
		7CBBC92E2C805032005B90D5 /* AppDelegate.swift in Sources */ = {isa = PBXBuildFile; fileRef = 7CBBC92D2C805032005B90D5 /* AppDelegate.swift */; };
		7CBBC9322C805032005B90D5 /* ViewController.swift in Sources */ = {isa = PBXBuildFile; fileRef = 7CBBC9312C805032005B90D5 /* ViewController.swift */; };
		7CBBC9372C805038005B90D5 /* Assets.xcassets in Resources */ = {isa = PBXBuildFile; fileRef = 7CBBC9362C805038005B90D5 /* Assets.xcassets */; };
		7CBBC93A2C805038005B90D5 /* LaunchScreen.storyboard in Resources */ = {isa = PBXBuildFile; fileRef = 7CBBC9382C805038005B90D5 /* LaunchScreen.storyboard */; };
		7CBBC9452C80503A005B90D5 /* Speedo_Transfer_AppTests.swift in Sources */ = {isa = PBXBuildFile; fileRef = 7CBBC9442C80503A005B90D5 /* Speedo_Transfer_AppTests.swift */; };
		7CBBC94F2C80503A005B90D5 /* Speedo_Transfer_AppUITests.swift in Sources */ = {isa = PBXBuildFile; fileRef = 7CBBC94E2C80503A005B90D5 /* Speedo_Transfer_AppUITests.swift */; };
		7CBBC9512C80503A005B90D5 /* Speedo_Transfer_AppUITestsLaunchTests.swift in Sources */ = {isa = PBXBuildFile; fileRef = 7CBBC9502C80503A005B90D5 /* Speedo_Transfer_AppUITestsLaunchTests.swift */; };
		7CBBC9742C8054C8005B90D5 /* OnboardingVC.swift in Sources */ = {isa = PBXBuildFile; fileRef = 7CBBC9732C8054C8005B90D5 /* OnboardingVC.swift */; };
		7CBBC9772C806A62005B90D5 /* Gradient View.swift in Sources */ = {isa = PBXBuildFile; fileRef = 7CBBC9762C806A62005B90D5 /* Gradient View.swift */; };
		7CBBC9792C8098FC005B90D5 /* CustomPageControl.swift in Sources */ = {isa = PBXBuildFile; fileRef = 7CBBC9782C8098FC005B90D5 /* CustomPageControl.swift */; };
		7CD0945B2C8FB9C400CD341C /* NotificationCell.xib in Resources */ = {isa = PBXBuildFile; fileRef = 7CD0945A2C8FB9C400CD341C /* NotificationCell.xib */; };
		7CD883032C90973F0020E617 /* CustomProgressBar.swift in Sources */ = {isa = PBXBuildFile; fileRef = 7CD883022C90973E0020E617 /* CustomProgressBar.swift */; };
		7CD883062C909C7E0020E617 /* RewardsVC.swift in Sources */ = {isa = PBXBuildFile; fileRef = 7CD883052C909C7E0020E617 /* RewardsVC.swift */; };
		7CD883082C90A8400020E617 /* PointsManager.swift in Sources */ = {isa = PBXBuildFile; fileRef = 7CD883072C90A8400020E617 /* PointsManager.swift */; };
		7CD8830A2C90B8280020E617 /* User.swift in Sources */ = {isa = PBXBuildFile; fileRef = 7CD883092C90B8280020E617 /* User.swift */; };
		7CD883112C90E2A60020E617 /* SecRegistrationPresenter.swift in Sources */ = {isa = PBXBuildFile; fileRef = 7CD8830F2C90E2A60020E617 /* SecRegistrationPresenter.swift */; };
		7CD883122C90E2A60020E617 /* RegistrationPresenter.swift in Sources */ = {isa = PBXBuildFile; fileRef = 7CD883102C90E2A60020E617 /* RegistrationPresenter.swift */; };
		7CD883172C90E2FD0020E617 /* settingsVC.swift in Sources */ = {isa = PBXBuildFile; fileRef = 7CD883132C90E2FC0020E617 /* settingsVC.swift */; };
		7CD883182C90E2FD0020E617 /* SignInVC.swift in Sources */ = {isa = PBXBuildFile; fileRef = 7CD883142C90E2FC0020E617 /* SignInVC.swift */; };
		7CD883192C90E2FD0020E617 /* SignUpVC.swift in Sources */ = {isa = PBXBuildFile; fileRef = 7CD883152C90E2FC0020E617 /* SignUpVC.swift */; };
		7CD8831A2C90E2FD0020E617 /* SignUp2VC.swift in Sources */ = {isa = PBXBuildFile; fileRef = 7CD883162C90E2FC0020E617 /* SignUp2VC.swift */; };
		7CD8831C2C90F4270020E617 /* UserManager.swift in Sources */ = {isa = PBXBuildFile; fileRef = 7CD8831B2C90F4270020E617 /* UserManager.swift */; };
		7CD8831E2C90FF350020E617 /* CountrySelectionVC.swift in Sources */ = {isa = PBXBuildFile; fileRef = 7CD8831D2C90FF350020E617 /* CountrySelectionVC.swift */; };
		7CDB0D652C8B7CD7004117C1 /* EditVC.swift in Sources */ = {isa = PBXBuildFile; fileRef = 7CDB0D642C8B7CD7004117C1 /* EditVC.swift */; };
		7CDC4C3A2C88D2C0006E77F8 /* UIVC+Alert.swift in Sources */ = {isa = PBXBuildFile; fileRef = 7CDC4C392C88D2C0006E77F8 /* UIVC+Alert.swift */; };
		7CE328E32C839922000AB319 /* ContainerPageVC.swift in Sources */ = {isa = PBXBuildFile; fileRef = 7CE328E22C839922000AB319 /* ContainerPageVC.swift */; };
		92B024D32C90D46600171CEA /* LoginPresenter.swift in Sources */ = {isa = PBXBuildFile; fileRef = 92B024D22C90D46600171CEA /* LoginPresenter.swift */; };
		92B024E02C90D58600171CEA /* FavouriteRecipient+CoreDataProperties.swift in Sources */ = {isa = PBXBuildFile; fileRef = 92B024DE2C90D58500171CEA /* FavouriteRecipient+CoreDataProperties.swift */; };
		92B024E12C90D58600171CEA /* FavouriteRecipient+CoreDataClass.swift in Sources */ = {isa = PBXBuildFile; fileRef = 92B024DF2C90D58500171CEA /* FavouriteRecipient+CoreDataClass.swift */; };
		92B024E92C90D61900171CEA /* AlertVC.swift in Sources */ = {isa = PBXBuildFile; fileRef = 92B024E62C90D61900171CEA /* AlertVC.swift */; };
		92B024EA2C90D61900171CEA /* EditProfileVC.swift in Sources */ = {isa = PBXBuildFile; fileRef = 92B024E72C90D61900171CEA /* EditProfileVC.swift */; };
		92B024EB2C90D61900171CEA /* ChangePasswordVC.swift in Sources */ = {isa = PBXBuildFile; fileRef = 92B024E82C90D61900171CEA /* ChangePasswordVC.swift */; };
/* End PBXBuildFile section */

/* Begin PBXContainerItemProxy section */
		7CBBC9412C80503A005B90D5 /* PBXContainerItemProxy */ = {
			isa = PBXContainerItemProxy;
			containerPortal = 7CBBC9222C805031005B90D5 /* Project object */;
			proxyType = 1;
			remoteGlobalIDString = 7CBBC9292C805032005B90D5;
			remoteInfo = "Speedo Transfer App";
		};
		7CBBC94B2C80503A005B90D5 /* PBXContainerItemProxy */ = {
			isa = PBXContainerItemProxy;
			containerPortal = 7CBBC9222C805031005B90D5 /* Project object */;
			proxyType = 1;
			remoteGlobalIDString = 7CBBC9292C805032005B90D5;
			remoteInfo = "Speedo Transfer App";
		};
/* End PBXContainerItemProxy section */

/* Begin PBXFileReference section */
		47D8967D65505E34EE5BB86C /* Pods-Speedo Transfer App.release.xcconfig */ = {isa = PBXFileReference; includeInIndex = 1; lastKnownFileType = text.xcconfig; name = "Pods-Speedo Transfer App.release.xcconfig"; path = "Target Support Files/Pods-Speedo Transfer App/Pods-Speedo Transfer App.release.xcconfig"; sourceTree = "<group>"; };
		7C0BE2E92C8F01510032626C /* Transaction+CoreDataProperties.swift */ = {isa = PBXFileReference; fileEncoding = 4; lastKnownFileType = sourcecode.swift; path = "Transaction+CoreDataProperties.swift"; sourceTree = "<group>"; };
		7C0BE2EA2C8F01510032626C /* Transaction+CoreDataClass.swift */ = {isa = PBXFileReference; fileEncoding = 4; lastKnownFileType = sourcecode.swift; path = "Transaction+CoreDataClass.swift"; sourceTree = "<group>"; };
		7C0BE2ED2C8F2C2B0032626C /* SecondStepPresenter.swift */ = {isa = PBXFileReference; lastKnownFileType = sourcecode.swift; path = SecondStepPresenter.swift; sourceTree = "<group>"; };
		7C0BE2EF2C8F2F860032626C /* ThirdStepPresenter.swift */ = {isa = PBXFileReference; lastKnownFileType = sourcecode.swift; path = ThirdStepPresenter.swift; sourceTree = "<group>"; };
		7C0BE2F12C8F32990032626C /* ContainerPagePresenter.swift */ = {isa = PBXFileReference; lastKnownFileType = sourcecode.swift; path = ContainerPagePresenter.swift; sourceTree = "<group>"; };
		7C0BE2F62C8F37040032626C /* Main.storyboard */ = {isa = PBXFileReference; fileEncoding = 4; lastKnownFileType = file.storyboard; path = Main.storyboard; sourceTree = "<group>"; };
		7C2C08452C8F4312004650B9 /* Main2.storyboard */ = {isa = PBXFileReference; fileEncoding = 4; lastKnownFileType = file.storyboard; path = Main2.storyboard; sourceTree = "<group>"; };
		7C2C08472C8F4312004650B9 /* SpeedoTransferData.xcdatamodel */ = {isa = PBXFileReference; lastKnownFileType = wrapper.xcdatamodel; path = SpeedoTransferData.xcdatamodel; sourceTree = "<group>"; };
		7C2C084A2C8F6871004650B9 /* String+Trimmed.swift */ = {isa = PBXFileReference; lastKnownFileType = sourcecode.swift; path = "String+Trimmed.swift"; sourceTree = "<group>"; };
		7C3AC3D52C8B11D7004C4D2D /* FavouritesCell.swift */ = {isa = PBXFileReference; lastKnownFileType = sourcecode.swift; path = FavouritesCell.swift; sourceTree = "<group>"; };
		7C3AC3D62C8B11D7004C4D2D /* FavouritesCell.xib */ = {isa = PBXFileReference; lastKnownFileType = file.xib; path = FavouritesCell.xib; sourceTree = "<group>"; };
		7C3AC3D92C8B11FB004C4D2D /* FavouritesVC.swift */ = {isa = PBXFileReference; lastKnownFileType = sourcecode.swift; path = FavouritesVC.swift; sourceTree = "<group>"; };
		7C3AC3DB2C8B12EA004C4D2D /* ProfileVC.swift */ = {isa = PBXFileReference; lastKnownFileType = sourcecode.swift; path = ProfileVC.swift; sourceTree = "<group>"; };
		7C3AC3DD2C8B15E1004C4D2D /* HelpVC.swift */ = {isa = PBXFileReference; lastKnownFileType = sourcecode.swift; path = HelpVC.swift; sourceTree = "<group>"; };
		7C3CFAB22C81C810003739CB /* OnboardingSlide.swift */ = {isa = PBXFileReference; lastKnownFileType = sourcecode.swift; path = OnboardingSlide.swift; sourceTree = "<group>"; };
		7C3CFAB42C81DF45003739CB /* OnboardingCollectionViewCell.swift */ = {isa = PBXFileReference; lastKnownFileType = sourcecode.swift; path = OnboardingCollectionViewCell.swift; sourceTree = "<group>"; };
		7C6870C32C8CC03100C54A12 /* TransactionInfoVC.swift */ = {isa = PBXFileReference; lastKnownFileType = sourcecode.swift; path = TransactionInfoVC.swift; sourceTree = "<group>"; };
		7C6870C52C8CD90D00C54A12 /* NotificationsVC.swift */ = {isa = PBXFileReference; lastKnownFileType = sourcecode.swift; path = NotificationsVC.swift; sourceTree = "<group>"; };
		7C6870C72C8CD99000C54A12 /* NotificationCell.swift */ = {isa = PBXFileReference; lastKnownFileType = sourcecode.swift; path = NotificationCell.swift; sourceTree = "<group>"; };
		7C9A656A2C8A1B6A009DFE5C /* LocalNotificationManager.swift */ = {isa = PBXFileReference; lastKnownFileType = sourcecode.swift; path = LocalNotificationManager.swift; sourceTree = "<group>"; };
		7C9A656C2C8A3212009DFE5C /* MoreTableCell.swift */ = {isa = PBXFileReference; lastKnownFileType = sourcecode.swift; path = MoreTableCell.swift; sourceTree = "<group>"; };
		7C9A656D2C8A3212009DFE5C /* MoreTableCell.xib */ = {isa = PBXFileReference; lastKnownFileType = file.xib; path = MoreTableCell.xib; sourceTree = "<group>"; };
		7C9A65702C8A59DA009DFE5C /* MoreCellModel.swift */ = {isa = PBXFileReference; lastKnownFileType = sourcecode.swift; path = MoreCellModel.swift; sourceTree = "<group>"; };
		7C9D523A2C867C8A0061DF52 /* CustomTextField.swift */ = {isa = PBXFileReference; lastKnownFileType = sourcecode.swift; path = CustomTextField.swift; sourceTree = "<group>"; };
		7C9DC6562C848B880095E8C5 /* RecentTransactionCell.swift */ = {isa = PBXFileReference; lastKnownFileType = sourcecode.swift; path = RecentTransactionCell.swift; sourceTree = "<group>"; };
		7C9DC6572C848B880095E8C5 /* RecentTransactionCell.xib */ = {isa = PBXFileReference; lastKnownFileType = file.xib; path = RecentTransactionCell.xib; sourceTree = "<group>"; };
		7C9E3A212C8749C500F304D3 /* FavouriteListCell.swift */ = {isa = PBXFileReference; lastKnownFileType = sourcecode.swift; path = FavouriteListCell.swift; sourceTree = "<group>"; };
		7C9E3A222C8749C500F304D3 /* FavouriteListCell.xib */ = {isa = PBXFileReference; lastKnownFileType = file.xib; path = FavouriteListCell.xib; sourceTree = "<group>"; };
		7C9E3A252C874D2D00F304D3 /* FavouriteListVC.swift */ = {isa = PBXFileReference; lastKnownFileType = sourcecode.swift; path = FavouriteListVC.swift; sourceTree = "<group>"; };
		7C9E3A272C87543B00F304D3 /* Main.storyboard */ = {isa = PBXFileReference; lastKnownFileType = file.storyboard; path = Main.storyboard; sourceTree = "<group>"; };
		7C9E3A282C8770EE00F304D3 /* CustomButton.swift */ = {isa = PBXFileReference; lastKnownFileType = sourcecode.swift; path = CustomButton.swift; sourceTree = "<group>"; };
		7C9E83F22C8582B5000FFDE6 /* show.swift */ = {isa = PBXFileReference; lastKnownFileType = sourcecode.swift; path = show.swift; sourceTree = "<group>"; };
		7C9E83F52C85843E000FFDE6 /* APIManager.swift */ = {isa = PBXFileReference; lastKnownFileType = sourcecode.swift; path = APIManager.swift; sourceTree = "<group>"; };
		7CA1366B2C8898D100D9F001 /* SpeedoTransferData.xcdatamodel */ = {isa = PBXFileReference; lastKnownFileType = wrapper.xcdatamodel; path = SpeedoTransferData.xcdatamodel; sourceTree = "<group>"; };
		7CA140102C8225750018232D /* NoInternetVC.swift */ = {isa = PBXFileReference; lastKnownFileType = sourcecode.swift; path = NoInternetVC.swift; sourceTree = "<group>"; };
		7CA140122C822E150018232D /* ServerErrorVC.swift */ = {isa = PBXFileReference; lastKnownFileType = sourcecode.swift; path = ServerErrorVC.swift; sourceTree = "<group>"; };
		7CA2BAB82C83BE3D00774097 /* CustomStepControl.swift */ = {isa = PBXFileReference; lastKnownFileType = sourcecode.swift; path = CustomStepControl.swift; sourceTree = "<group>"; };
		7CA473802C8310EF00D0EDE3 /* CustomLabel.swift */ = {isa = PBXFileReference; lastKnownFileType = sourcecode.swift; path = CustomLabel.swift; sourceTree = "<group>"; };
		7CA473842C8329D300D0EDE3 /* HomeVC.swift */ = {isa = PBXFileReference; lastKnownFileType = sourcecode.swift; path = HomeVC.swift; sourceTree = "<group>"; };
		7CA473862C832A9F00D0EDE3 /* CustomTapBar.swift */ = {isa = PBXFileReference; lastKnownFileType = sourcecode.swift; path = CustomTapBar.swift; sourceTree = "<group>"; };
		7CA473892C8335BA00D0EDE3 /* FirstStepVC.swift */ = {isa = PBXFileReference; lastKnownFileType = sourcecode.swift; path = FirstStepVC.swift; sourceTree = "<group>"; };
		7CA4738C2C8335DD00D0EDE3 /* TransactionsVC.swift */ = {isa = PBXFileReference; lastKnownFileType = sourcecode.swift; path = TransactionsVC.swift; sourceTree = "<group>"; };
		7CA4738F2C8335FE00D0EDE3 /* MoreVC.swift */ = {isa = PBXFileReference; lastKnownFileType = sourcecode.swift; path = MoreVC.swift; sourceTree = "<group>"; };
		7CA473912C8354BB00D0EDE3 /* SecondStepVC.swift */ = {isa = PBXFileReference; lastKnownFileType = sourcecode.swift; path = SecondStepVC.swift; sourceTree = "<group>"; };
		7CA473932C8354D000D0EDE3 /* ThirdStepVC.swift */ = {isa = PBXFileReference; lastKnownFileType = sourcecode.swift; path = ThirdStepVC.swift; sourceTree = "<group>"; };
		7CA78DDC2C8C71A200316F3D /* TransactionsListCell.swift */ = {isa = PBXFileReference; lastKnownFileType = sourcecode.swift; path = TransactionsListCell.swift; sourceTree = "<group>"; };
		7CA78DDD2C8C71A200316F3D /* TransactionsListCell.xib */ = {isa = PBXFileReference; lastKnownFileType = file.xib; path = TransactionsListCell.xib; sourceTree = "<group>"; };
		7CAC476F2C826AC900439771 /* CustomPinkColor.swift */ = {isa = PBXFileReference; lastKnownFileType = sourcecode.swift; path = CustomPinkColor.swift; sourceTree = "<group>"; };
		7CB4E12C2C8DE3BD00C5AB04 /* HomePresenter.swift */ = {isa = PBXFileReference; lastKnownFileType = sourcecode.swift; path = HomePresenter.swift; sourceTree = "<group>"; };
		7CB4E12E2C8E01DC00C5AB04 /* NotificationPresenter.swift */ = {isa = PBXFileReference; lastKnownFileType = sourcecode.swift; path = NotificationPresenter.swift; sourceTree = "<group>"; };
		7CB4E1302C8E0EB900C5AB04 /* FavouritesPresenter.swift */ = {isa = PBXFileReference; lastKnownFileType = sourcecode.swift; path = FavouritesPresenter.swift; sourceTree = "<group>"; };
		7CB4E1322C8E3A4800C5AB04 /* EditFavouritePresenter.swift */ = {isa = PBXFileReference; lastKnownFileType = sourcecode.swift; path = EditFavouritePresenter.swift; sourceTree = "<group>"; };
		7CB4E1342C8E5AB200C5AB04 /* MorePresenter.swift */ = {isa = PBXFileReference; lastKnownFileType = sourcecode.swift; path = MorePresenter.swift; sourceTree = "<group>"; };
		7CB4E1372C8E6D8A00C5AB04 /* TransactionService.swift */ = {isa = PBXFileReference; lastKnownFileType = sourcecode.swift; path = TransactionService.swift; sourceTree = "<group>"; };
		7CB4E1392C8E72DD00C5AB04 /* TransactionsPresenter.swift */ = {isa = PBXFileReference; lastKnownFileType = sourcecode.swift; path = TransactionsPresenter.swift; sourceTree = "<group>"; };
		7CB4E13B2C8E767600C5AB04 /* OnboardingPresenter.swift */ = {isa = PBXFileReference; lastKnownFileType = sourcecode.swift; path = OnboardingPresenter.swift; sourceTree = "<group>"; };
		7CB4E13D2C8E7F7100C5AB04 /* FirstStepPresenter.swift */ = {isa = PBXFileReference; lastKnownFileType = sourcecode.swift; path = FirstStepPresenter.swift; sourceTree = "<group>"; };
		7CBBC92A2C805032005B90D5 /* Speedo Transfer App.app */ = {isa = PBXFileReference; explicitFileType = wrapper.application; includeInIndex = 0; path = "Speedo Transfer App.app"; sourceTree = BUILT_PRODUCTS_DIR; };
		7CBBC92D2C805032005B90D5 /* AppDelegate.swift */ = {isa = PBXFileReference; lastKnownFileType = sourcecode.swift; path = AppDelegate.swift; sourceTree = "<group>"; };
		7CBBC9312C805032005B90D5 /* ViewController.swift */ = {isa = PBXFileReference; lastKnownFileType = sourcecode.swift; path = ViewController.swift; sourceTree = "<group>"; };
		7CBBC9362C805038005B90D5 /* Assets.xcassets */ = {isa = PBXFileReference; lastKnownFileType = folder.assetcatalog; path = Assets.xcassets; sourceTree = "<group>"; };
		7CBBC9392C805038005B90D5 /* Base */ = {isa = PBXFileReference; lastKnownFileType = file.storyboard; name = Base; path = Base.lproj/LaunchScreen.storyboard; sourceTree = "<group>"; };
		7CBBC93B2C805038005B90D5 /* Info.plist */ = {isa = PBXFileReference; lastKnownFileType = text.plist.xml; path = Info.plist; sourceTree = "<group>"; };
		7CBBC9402C80503A005B90D5 /* Speedo Transfer AppTests.xctest */ = {isa = PBXFileReference; explicitFileType = wrapper.cfbundle; includeInIndex = 0; path = "Speedo Transfer AppTests.xctest"; sourceTree = BUILT_PRODUCTS_DIR; };
		7CBBC9442C80503A005B90D5 /* Speedo_Transfer_AppTests.swift */ = {isa = PBXFileReference; lastKnownFileType = sourcecode.swift; path = Speedo_Transfer_AppTests.swift; sourceTree = "<group>"; };
		7CBBC94A2C80503A005B90D5 /* Speedo Transfer AppUITests.xctest */ = {isa = PBXFileReference; explicitFileType = wrapper.cfbundle; includeInIndex = 0; path = "Speedo Transfer AppUITests.xctest"; sourceTree = BUILT_PRODUCTS_DIR; };
		7CBBC94E2C80503A005B90D5 /* Speedo_Transfer_AppUITests.swift */ = {isa = PBXFileReference; lastKnownFileType = sourcecode.swift; path = Speedo_Transfer_AppUITests.swift; sourceTree = "<group>"; };
		7CBBC9502C80503A005B90D5 /* Speedo_Transfer_AppUITestsLaunchTests.swift */ = {isa = PBXFileReference; lastKnownFileType = sourcecode.swift; path = Speedo_Transfer_AppUITestsLaunchTests.swift; sourceTree = "<group>"; };
		7CBBC9732C8054C8005B90D5 /* OnboardingVC.swift */ = {isa = PBXFileReference; lastKnownFileType = sourcecode.swift; path = OnboardingVC.swift; sourceTree = "<group>"; };
		7CBBC9762C806A62005B90D5 /* Gradient View.swift */ = {isa = PBXFileReference; lastKnownFileType = sourcecode.swift; path = "Gradient View.swift"; sourceTree = "<group>"; };
		7CBBC9782C8098FC005B90D5 /* CustomPageControl.swift */ = {isa = PBXFileReference; lastKnownFileType = sourcecode.swift; path = CustomPageControl.swift; sourceTree = "<group>"; };
		7CD0945A2C8FB9C400CD341C /* NotificationCell.xib */ = {isa = PBXFileReference; fileEncoding = 4; lastKnownFileType = file.xib; name = NotificationCell.xib; path = Presenter/NotificationCell.xib; sourceTree = SOURCE_ROOT; };
		7CD883022C90973E0020E617 /* CustomProgressBar.swift */ = {isa = PBXFileReference; lastKnownFileType = sourcecode.swift; path = CustomProgressBar.swift; sourceTree = "<group>"; };
		7CD883052C909C7E0020E617 /* RewardsVC.swift */ = {isa = PBXFileReference; lastKnownFileType = sourcecode.swift; path = RewardsVC.swift; sourceTree = "<group>"; };
		7CD883072C90A8400020E617 /* PointsManager.swift */ = {isa = PBXFileReference; lastKnownFileType = sourcecode.swift; path = PointsManager.swift; sourceTree = "<group>"; };
		7CD883092C90B8280020E617 /* User.swift */ = {isa = PBXFileReference; lastKnownFileType = sourcecode.swift; path = User.swift; sourceTree = "<group>"; };
		7CD8830F2C90E2A60020E617 /* SecRegistrationPresenter.swift */ = {isa = PBXFileReference; fileEncoding = 4; lastKnownFileType = sourcecode.swift; path = SecRegistrationPresenter.swift; sourceTree = "<group>"; };
		7CD883102C90E2A60020E617 /* RegistrationPresenter.swift */ = {isa = PBXFileReference; fileEncoding = 4; lastKnownFileType = sourcecode.swift; path = RegistrationPresenter.swift; sourceTree = "<group>"; };
		7CD883132C90E2FC0020E617 /* settingsVC.swift */ = {isa = PBXFileReference; fileEncoding = 4; lastKnownFileType = sourcecode.swift; path = settingsVC.swift; sourceTree = "<group>"; };
		7CD883142C90E2FC0020E617 /* SignInVC.swift */ = {isa = PBXFileReference; fileEncoding = 4; lastKnownFileType = sourcecode.swift; path = SignInVC.swift; sourceTree = "<group>"; };
		7CD883152C90E2FC0020E617 /* SignUpVC.swift */ = {isa = PBXFileReference; fileEncoding = 4; lastKnownFileType = sourcecode.swift; path = SignUpVC.swift; sourceTree = "<group>"; };
		7CD883162C90E2FC0020E617 /* SignUp2VC.swift */ = {isa = PBXFileReference; fileEncoding = 4; lastKnownFileType = sourcecode.swift; path = SignUp2VC.swift; sourceTree = "<group>"; };
		7CD8831B2C90F4270020E617 /* UserManager.swift */ = {isa = PBXFileReference; lastKnownFileType = sourcecode.swift; path = UserManager.swift; sourceTree = "<group>"; };
		7CD8831D2C90FF350020E617 /* CountrySelectionVC.swift */ = {isa = PBXFileReference; lastKnownFileType = sourcecode.swift; path = CountrySelectionVC.swift; sourceTree = "<group>"; };
		7CDB0D642C8B7CD7004117C1 /* EditVC.swift */ = {isa = PBXFileReference; lastKnownFileType = sourcecode.swift; path = EditVC.swift; sourceTree = "<group>"; };
		7CDC4C392C88D2C0006E77F8 /* UIVC+Alert.swift */ = {isa = PBXFileReference; lastKnownFileType = sourcecode.swift; path = "UIVC+Alert.swift"; sourceTree = "<group>"; };
		7CE328E22C839922000AB319 /* ContainerPageVC.swift */ = {isa = PBXFileReference; lastKnownFileType = sourcecode.swift; path = ContainerPageVC.swift; sourceTree = "<group>"; };
		7FAC409776E5E718E4D51EA6 /* Pods_Speedo_Transfer_App.framework */ = {isa = PBXFileReference; explicitFileType = wrapper.framework; includeInIndex = 0; path = Pods_Speedo_Transfer_App.framework; sourceTree = BUILT_PRODUCTS_DIR; };
		92B024D22C90D46600171CEA /* LoginPresenter.swift */ = {isa = PBXFileReference; fileEncoding = 4; lastKnownFileType = sourcecode.swift; path = LoginPresenter.swift; sourceTree = "<group>"; };
		92B024DE2C90D58500171CEA /* FavouriteRecipient+CoreDataProperties.swift */ = {isa = PBXFileReference; fileEncoding = 4; lastKnownFileType = sourcecode.swift; path = "FavouriteRecipient+CoreDataProperties.swift"; sourceTree = "<group>"; };
		92B024DF2C90D58500171CEA /* FavouriteRecipient+CoreDataClass.swift */ = {isa = PBXFileReference; fileEncoding = 4; lastKnownFileType = sourcecode.swift; path = "FavouriteRecipient+CoreDataClass.swift"; sourceTree = "<group>"; };
		92B024E62C90D61900171CEA /* AlertVC.swift */ = {isa = PBXFileReference; fileEncoding = 4; lastKnownFileType = sourcecode.swift; path = AlertVC.swift; sourceTree = "<group>"; };
		92B024E72C90D61900171CEA /* EditProfileVC.swift */ = {isa = PBXFileReference; fileEncoding = 4; lastKnownFileType = sourcecode.swift; path = EditProfileVC.swift; sourceTree = "<group>"; };
		92B024E82C90D61900171CEA /* ChangePasswordVC.swift */ = {isa = PBXFileReference; fileEncoding = 4; lastKnownFileType = sourcecode.swift; path = ChangePasswordVC.swift; sourceTree = "<group>"; };
		92B024EC2C90D63300171CEA /* Inter-SemiBoldItalic.ttf */ = {isa = PBXFileReference; lastKnownFileType = file; name = "Inter-SemiBoldItalic.ttf"; path = "ttf/Inter-SemiBoldItalic.ttf"; sourceTree = "<group>"; };
		92B024ED2C90D63300171CEA /* InterDisplay-LightItalic.ttf */ = {isa = PBXFileReference; lastKnownFileType = file; name = "InterDisplay-LightItalic.ttf"; path = "ttf/InterDisplay-LightItalic.ttf"; sourceTree = "<group>"; };
		92B024EE2C90D63400171CEA /* InterDisplay-BlackItalic.ttf */ = {isa = PBXFileReference; lastKnownFileType = file; name = "InterDisplay-BlackItalic.ttf"; path = "ttf/InterDisplay-BlackItalic.ttf"; sourceTree = "<group>"; };
		92B024EF2C90D63400171CEA /* InterDisplay-ExtraLight.ttf */ = {isa = PBXFileReference; lastKnownFileType = file; name = "InterDisplay-ExtraLight.ttf"; path = "ttf/InterDisplay-ExtraLight.ttf"; sourceTree = "<group>"; };
		92B024F02C90D63400171CEA /* InterDisplay-Italic.ttf */ = {isa = PBXFileReference; lastKnownFileType = file; name = "InterDisplay-Italic.ttf"; path = "ttf/InterDisplay-Italic.ttf"; sourceTree = "<group>"; };
		92B024F12C90D63400171CEA /* Inter-Thin.ttf */ = {isa = PBXFileReference; lastKnownFileType = file; name = "Inter-Thin.ttf"; path = "ttf/Inter-Thin.ttf"; sourceTree = "<group>"; };
		92B024F22C90D63400171CEA /* Inter-Regular.ttf */ = {isa = PBXFileReference; lastKnownFileType = file; name = "Inter-Regular.ttf"; path = "ttf/Inter-Regular.ttf"; sourceTree = "<group>"; };
		92B024F32C90D63400171CEA /* Inter-ThinItalic.ttf */ = {isa = PBXFileReference; lastKnownFileType = file; name = "Inter-ThinItalic.ttf"; path = "ttf/Inter-ThinItalic.ttf"; sourceTree = "<group>"; };
		92B024F42C90D63400171CEA /* InterDisplay-Light.ttf */ = {isa = PBXFileReference; lastKnownFileType = file; name = "InterDisplay-Light.ttf"; path = "ttf/InterDisplay-Light.ttf"; sourceTree = "<group>"; };
		92B024F52C90D63400171CEA /* Inter-Bold.ttf */ = {isa = PBXFileReference; lastKnownFileType = file; name = "Inter-Bold.ttf"; path = "ttf/Inter-Bold.ttf"; sourceTree = "<group>"; };
		92B024F62C90D63400171CEA /* Inter-BoldItalic.ttf */ = {isa = PBXFileReference; lastKnownFileType = file; name = "Inter-BoldItalic.ttf"; path = "ttf/Inter-BoldItalic.ttf"; sourceTree = "<group>"; };
		92B024F72C90D63400171CEA /* Inter-SemiBold.ttf */ = {isa = PBXFileReference; lastKnownFileType = file; name = "Inter-SemiBold.ttf"; path = "ttf/Inter-SemiBold.ttf"; sourceTree = "<group>"; };
		92B024F82C90D63400171CEA /* Inter-Light.ttf */ = {isa = PBXFileReference; lastKnownFileType = file; name = "Inter-Light.ttf"; path = "ttf/Inter-Light.ttf"; sourceTree = "<group>"; };
		92B024F92C90D63400171CEA /* InterDisplay-ExtraLightItalic.ttf */ = {isa = PBXFileReference; lastKnownFileType = file; name = "InterDisplay-ExtraLightItalic.ttf"; path = "ttf/InterDisplay-ExtraLightItalic.ttf"; sourceTree = "<group>"; };
		92B024FA2C90D63400171CEA /* InterDisplay-SemiBoldItalic.ttf */ = {isa = PBXFileReference; lastKnownFileType = file; name = "InterDisplay-SemiBoldItalic.ttf"; path = "ttf/InterDisplay-SemiBoldItalic.ttf"; sourceTree = "<group>"; };
		92B024FB2C90D63400171CEA /* InterDisplay-Bold.ttf */ = {isa = PBXFileReference; lastKnownFileType = file; name = "InterDisplay-Bold.ttf"; path = "ttf/InterDisplay-Bold.ttf"; sourceTree = "<group>"; };
		92B024FC2C90D63400171CEA /* Inter-Italic.ttf */ = {isa = PBXFileReference; lastKnownFileType = file; name = "Inter-Italic.ttf"; path = "ttf/Inter-Italic.ttf"; sourceTree = "<group>"; };
		92B024FD2C90D63400171CEA /* Inter-ExtraLight.ttf */ = {isa = PBXFileReference; lastKnownFileType = file; name = "Inter-ExtraLight.ttf"; path = "ttf/Inter-ExtraLight.ttf"; sourceTree = "<group>"; };
		92B024FE2C90D63400171CEA /* InterDisplay-MediumItalic.ttf */ = {isa = PBXFileReference; lastKnownFileType = file; name = "InterDisplay-MediumItalic.ttf"; path = "ttf/InterDisplay-MediumItalic.ttf"; sourceTree = "<group>"; };
		92B024FF2C90D63400171CEA /* InterDisplay-SemiBold.ttf */ = {isa = PBXFileReference; lastKnownFileType = file; name = "InterDisplay-SemiBold.ttf"; path = "ttf/InterDisplay-SemiBold.ttf"; sourceTree = "<group>"; };
		92B025002C90D63400171CEA /* InterDisplay-ExtraBoldItalic.ttf */ = {isa = PBXFileReference; lastKnownFileType = file; name = "InterDisplay-ExtraBoldItalic.ttf"; path = "ttf/InterDisplay-ExtraBoldItalic.ttf"; sourceTree = "<group>"; };
		92B025012C90D63400171CEA /* Inter-Black.ttf */ = {isa = PBXFileReference; lastKnownFileType = file; name = "Inter-Black.ttf"; path = "ttf/Inter-Black.ttf"; sourceTree = "<group>"; };
		92B025022C90D63400171CEA /* Inter-ExtraBoldItalic.ttf */ = {isa = PBXFileReference; lastKnownFileType = file; name = "Inter-ExtraBoldItalic.ttf"; path = "ttf/Inter-ExtraBoldItalic.ttf"; sourceTree = "<group>"; };
		92B025032C90D63400171CEA /* InterDisplay-Black.ttf */ = {isa = PBXFileReference; lastKnownFileType = file; name = "InterDisplay-Black.ttf"; path = "ttf/InterDisplay-Black.ttf"; sourceTree = "<group>"; };
		92B025042C90D63400171CEA /* Inter-ExtraLightItalic.ttf */ = {isa = PBXFileReference; lastKnownFileType = file; name = "Inter-ExtraLightItalic.ttf"; path = "ttf/Inter-ExtraLightItalic.ttf"; sourceTree = "<group>"; };
		92B025052C90D63400171CEA /* InterDisplay-Medium.ttf */ = {isa = PBXFileReference; lastKnownFileType = file; name = "InterDisplay-Medium.ttf"; path = "ttf/InterDisplay-Medium.ttf"; sourceTree = "<group>"; };
		92B025062C90D63400171CEA /* InterDisplay-Thin.ttf */ = {isa = PBXFileReference; lastKnownFileType = file; name = "InterDisplay-Thin.ttf"; path = "ttf/InterDisplay-Thin.ttf"; sourceTree = "<group>"; };
		92B025072C90D63400171CEA /* InterDisplay-ExtraBold.ttf */ = {isa = PBXFileReference; lastKnownFileType = file; name = "InterDisplay-ExtraBold.ttf"; path = "ttf/InterDisplay-ExtraBold.ttf"; sourceTree = "<group>"; };
		92B025082C90D63400171CEA /* Inter-MediumItalic.ttf */ = {isa = PBXFileReference; lastKnownFileType = file; name = "Inter-MediumItalic.ttf"; path = "ttf/Inter-MediumItalic.ttf"; sourceTree = "<group>"; };
		92B025092C90D63400171CEA /* InterDisplay-BoldItalic.ttf */ = {isa = PBXFileReference; lastKnownFileType = file; name = "InterDisplay-BoldItalic.ttf"; path = "ttf/InterDisplay-BoldItalic.ttf"; sourceTree = "<group>"; };
		92B0250A2C90D63400171CEA /* Inter-BlackItalic.ttf */ = {isa = PBXFileReference; lastKnownFileType = file; name = "Inter-BlackItalic.ttf"; path = "ttf/Inter-BlackItalic.ttf"; sourceTree = "<group>"; };
		92B0250B2C90D63400171CEA /* Inter-Medium.ttf */ = {isa = PBXFileReference; lastKnownFileType = file; name = "Inter-Medium.ttf"; path = "ttf/Inter-Medium.ttf"; sourceTree = "<group>"; };
		92B0250C2C90D63400171CEA /* InterDisplay-Regular.ttf */ = {isa = PBXFileReference; lastKnownFileType = file; name = "InterDisplay-Regular.ttf"; path = "ttf/InterDisplay-Regular.ttf"; sourceTree = "<group>"; };
		92B0250D2C90D63400171CEA /* InterDisplay-ThinItalic.ttf */ = {isa = PBXFileReference; lastKnownFileType = file; name = "InterDisplay-ThinItalic.ttf"; path = "ttf/InterDisplay-ThinItalic.ttf"; sourceTree = "<group>"; };
		92B0250E2C90D63400171CEA /* Inter-ExtraBold.ttf */ = {isa = PBXFileReference; lastKnownFileType = file; name = "Inter-ExtraBold.ttf"; path = "ttf/Inter-ExtraBold.ttf"; sourceTree = "<group>"; };
		92B0250F2C90D63400171CEA /* Inter-LightItalic.ttf */ = {isa = PBXFileReference; lastKnownFileType = file; name = "Inter-LightItalic.ttf"; path = "ttf/Inter-LightItalic.ttf"; sourceTree = "<group>"; };
		996057CA1A6E9082110B6C4E /* Pods-Speedo Transfer App.debug.xcconfig */ = {isa = PBXFileReference; includeInIndex = 1; lastKnownFileType = text.xcconfig; name = "Pods-Speedo Transfer App.debug.xcconfig"; path = "Target Support Files/Pods-Speedo Transfer App/Pods-Speedo Transfer App.debug.xcconfig"; sourceTree = "<group>"; };
/* End PBXFileReference section */

/* Begin PBXFrameworksBuildPhase section */
		7CBBC9272C805032005B90D5 /* Frameworks */ = {
			isa = PBXFrameworksBuildPhase;
			buildActionMask = 2147483647;
			files = (
				05CC1C7A630B29F1D0706F8B /* Pods_Speedo_Transfer_App.framework in Frameworks */,
			);
			runOnlyForDeploymentPostprocessing = 0;
		};
		7CBBC93D2C80503A005B90D5 /* Frameworks */ = {
			isa = PBXFrameworksBuildPhase;
			buildActionMask = 2147483647;
			files = (
			);
			runOnlyForDeploymentPostprocessing = 0;
		};
		7CBBC9472C80503A005B90D5 /* Frameworks */ = {
			isa = PBXFrameworksBuildPhase;
			buildActionMask = 2147483647;
			files = (
			);
			runOnlyForDeploymentPostprocessing = 0;
		};
/* End PBXFrameworksBuildPhase section */

/* Begin PBXGroup section */
		7C3CFAB12C81C767003739CB /* Onboarding */ = {
			isa = PBXGroup;
			children = (
				7CBBC9732C8054C8005B90D5 /* OnboardingVC.swift */,
				7C3CFAB42C81DF45003739CB /* OnboardingCollectionViewCell.swift */,
			);
			path = Onboarding;
			sourceTree = "<group>";
		};
		7C9DEEE02C89E1190084EF5B /* Sign Up */ = {
			isa = PBXGroup;
			children = (
			);
			path = "Sign Up";
			sourceTree = "<group>";
		};
		7C9E83F42C8583DD000FFDE6 /* Networking */ = {
			isa = PBXGroup;
			children = (
				7C9E83F52C85843E000FFDE6 /* APIManager.swift */,
			);
			path = Networking;
			sourceTree = "<group>";
		};
		7CA1400F2C82253A0018232D /* Error */ = {
			isa = PBXGroup;
			children = (
				7CA140102C8225750018232D /* NoInternetVC.swift */,
				7CA140122C822E150018232D /* ServerErrorVC.swift */,
			);
			path = Error;
			sourceTree = "<group>";
		};
		7CA2AA952C873D4500B68C66 /* Favourite List */ = {
			isa = PBXGroup;
			children = (
				7C9E3A212C8749C500F304D3 /* FavouriteListCell.swift */,
				7C9E3A222C8749C500F304D3 /* FavouriteListCell.xib */,
				7C9E3A252C874D2D00F304D3 /* FavouriteListVC.swift */,
			);
			path = "Favourite List";
			sourceTree = "<group>";
		};
		7CA473822C8329A400D0EDE3 /* Home */ = {
			isa = PBXGroup;
			children = (
				7CD0945A2C8FB9C400CD341C /* NotificationCell.xib */,
				7CA473842C8329D300D0EDE3 /* HomeVC.swift */,
				7C6870C52C8CD90D00C54A12 /* NotificationsVC.swift */,
				7C6870C72C8CD99000C54A12 /* NotificationCell.swift */,
			);
			path = Home;
			sourceTree = "<group>";
		};
		7CA473882C83359C00D0EDE3 /* Transfer */ = {
			isa = PBXGroup;
			children = (
				7CE328E22C839922000AB319 /* ContainerPageVC.swift */,
				7CA473892C8335BA00D0EDE3 /* FirstStepVC.swift */,
				7CA473912C8354BB00D0EDE3 /* SecondStepVC.swift */,
				7CA473932C8354D000D0EDE3 /* ThirdStepVC.swift */,
			);
			path = Transfer;
			sourceTree = "<group>";
		};
		7CA4738B2C8335C900D0EDE3 /* Transactions */ = {
			isa = PBXGroup;
			children = (
				7CA4738C2C8335DD00D0EDE3 /* TransactionsVC.swift */,
				7CA78DDC2C8C71A200316F3D /* TransactionsListCell.swift */,
				7CA78DDD2C8C71A200316F3D /* TransactionsListCell.xib */,
				7C6870C32C8CC03100C54A12 /* TransactionInfoVC.swift */,
			);
			path = Transactions;
			sourceTree = "<group>";
		};
		7CA4738E2C8335ED00D0EDE3 /* More */ = {
			isa = PBXGroup;
			children = (
				7CA4738F2C8335FE00D0EDE3 /* MoreVC.swift */,
				7C9A656C2C8A3212009DFE5C /* MoreTableCell.swift */,
				7C9A656D2C8A3212009DFE5C /* MoreTableCell.xib */,
				7C3AC3DD2C8B15E1004C4D2D /* HelpVC.swift */,
				7C3AC3D52C8B11D7004C4D2D /* FavouritesCell.swift */,
				7C3AC3D62C8B11D7004C4D2D /* FavouritesCell.xib */,
				7C3AC3D92C8B11FB004C4D2D /* FavouritesVC.swift */,
				7CDB0D642C8B7CD7004117C1 /* EditVC.swift */,
			);
			path = More;
			sourceTree = "<group>";
		};
		7CAC476E2C826A8400439771 /* Extensions */ = {
			isa = PBXGroup;
			children = (
				7CAC476F2C826AC900439771 /* CustomPinkColor.swift */,
				7CA473802C8310EF00D0EDE3 /* CustomLabel.swift */,
				7CDC4C392C88D2C0006E77F8 /* UIVC+Alert.swift */,
				7C2C084A2C8F6871004650B9 /* String+Trimmed.swift */,
			);
			path = Extensions;
			sourceTree = "<group>";
		};
		7CB4E12B2C8DE3A000C5AB04 /* Presenter */ = {
			isa = PBXGroup;
			children = (
				7CD883102C90E2A60020E617 /* RegistrationPresenter.swift */,
				7CD8830F2C90E2A60020E617 /* SecRegistrationPresenter.swift */,
				7CB4E12C2C8DE3BD00C5AB04 /* HomePresenter.swift */,
				7CB4E12E2C8E01DC00C5AB04 /* NotificationPresenter.swift */,
				7CB4E1302C8E0EB900C5AB04 /* FavouritesPresenter.swift */,
				7CB4E1322C8E3A4800C5AB04 /* EditFavouritePresenter.swift */,
				7CB4E1342C8E5AB200C5AB04 /* MorePresenter.swift */,
				7CB4E1392C8E72DD00C5AB04 /* TransactionsPresenter.swift */,
				7CB4E13B2C8E767600C5AB04 /* OnboardingPresenter.swift */,
				7CB4E13D2C8E7F7100C5AB04 /* FirstStepPresenter.swift */,
				7C0BE2ED2C8F2C2B0032626C /* SecondStepPresenter.swift */,
				7C0BE2EF2C8F2F860032626C /* ThirdStepPresenter.swift */,
				92B024D22C90D46600171CEA /* LoginPresenter.swift */,
				7C0BE2F12C8F32990032626C /* ContainerPagePresenter.swift */,
			);
			path = Presenter;
			sourceTree = "<group>";
		};
		7CB4E1362C8E6D7200C5AB04 /* Shared */ = {
			isa = PBXGroup;
			children = (
				7CB4E1372C8E6D8A00C5AB04 /* TransactionService.swift */,
			);
			path = Shared;
			sourceTree = "<group>";
		};
		7CBBC9212C805031005B90D5 = {
			isa = PBXGroup;
			children = (
				7CB4E1362C8E6D7200C5AB04 /* Shared */,
				7CB4E12B2C8DE3A000C5AB04 /* Presenter */,
				7C9E83F42C8583DD000FFDE6 /* Networking */,
				7CAC476E2C826A8400439771 /* Extensions */,
				7CBBC9752C806163005B90D5 /* Custom Views */,
				7CBBC9702C805434005B90D5 /* Models */,
				7CBBC96F2C80541F005B90D5 /* Controllers */,
				7CBBC9642C80514B005B90D5 /* Fonts */,
				7CBBC92C2C805032005B90D5 /* Speedo Transfer App */,
				7CBBC9432C80503A005B90D5 /* Speedo Transfer AppTests */,
				7CBBC94D2C80503A005B90D5 /* Speedo Transfer AppUITests */,
				7CBBC92B2C805032005B90D5 /* Products */,
				8531797A22DFB12C76E77A89 /* Pods */,
				8D81FE61323A5959B6A5367B /* Frameworks */,
			);
			sourceTree = "<group>";
		};
		7CBBC92B2C805032005B90D5 /* Products */ = {
			isa = PBXGroup;
			children = (
				7CBBC92A2C805032005B90D5 /* Speedo Transfer App.app */,
				7CBBC9402C80503A005B90D5 /* Speedo Transfer AppTests.xctest */,
				7CBBC94A2C80503A005B90D5 /* Speedo Transfer AppUITests.xctest */,
			);
			name = Products;
			sourceTree = "<group>";
		};
		7CBBC92C2C805032005B90D5 /* Speedo Transfer App */ = {
			isa = PBXGroup;
			children = (
				7CBBC92D2C805032005B90D5 /* AppDelegate.swift */,
				7C2C08452C8F4312004650B9 /* Main2.storyboard */,
				7C0BE2F62C8F37040032626C /* Main.storyboard */,
				7CBBC9312C805032005B90D5 /* ViewController.swift */,
				7CBBC9362C805038005B90D5 /* Assets.xcassets */,
				7CBBC9382C805038005B90D5 /* LaunchScreen.storyboard */,
				7C2C08462C8F4312004650B9 /* Speedo Transfer App.xcdatamodeld */,
				7CBBC93B2C805038005B90D5 /* Info.plist */,
				7CA1366A2C8898D100D9F001 /* Speedo Transfer App.xcdatamodeld */,
			);
			path = "Speedo Transfer App";
			sourceTree = "<group>";
		};
		7CBBC9432C80503A005B90D5 /* Speedo Transfer AppTests */ = {
			isa = PBXGroup;
			children = (
				7CBBC9442C80503A005B90D5 /* Speedo_Transfer_AppTests.swift */,
			);
			path = "Speedo Transfer AppTests";
			sourceTree = "<group>";
		};
		7CBBC94D2C80503A005B90D5 /* Speedo Transfer AppUITests */ = {
			isa = PBXGroup;
			children = (
				7CBBC94E2C80503A005B90D5 /* Speedo_Transfer_AppUITests.swift */,
				7CBBC9502C80503A005B90D5 /* Speedo_Transfer_AppUITestsLaunchTests.swift */,
			);
			path = "Speedo Transfer AppUITests";
			sourceTree = "<group>";
		};
		7CBBC9642C80514B005B90D5 /* Fonts */ = {
			isa = PBXGroup;
			children = (
				7C9E3A272C87543B00F304D3 /* Main.storyboard */,
				92B025012C90D63400171CEA /* Inter-Black.ttf */,
				92B0250A2C90D63400171CEA /* Inter-BlackItalic.ttf */,
				92B024F52C90D63400171CEA /* Inter-Bold.ttf */,
				92B024F62C90D63400171CEA /* Inter-BoldItalic.ttf */,
				92B0250E2C90D63400171CEA /* Inter-ExtraBold.ttf */,
				92B025022C90D63400171CEA /* Inter-ExtraBoldItalic.ttf */,
				92B024FD2C90D63400171CEA /* Inter-ExtraLight.ttf */,
				92B025042C90D63400171CEA /* Inter-ExtraLightItalic.ttf */,
				92B024FC2C90D63400171CEA /* Inter-Italic.ttf */,
				92B024F82C90D63400171CEA /* Inter-Light.ttf */,
				92B0250F2C90D63400171CEA /* Inter-LightItalic.ttf */,
				92B0250B2C90D63400171CEA /* Inter-Medium.ttf */,
				92B025082C90D63400171CEA /* Inter-MediumItalic.ttf */,
				92B024F22C90D63400171CEA /* Inter-Regular.ttf */,
				92B024F72C90D63400171CEA /* Inter-SemiBold.ttf */,
				92B024EC2C90D63300171CEA /* Inter-SemiBoldItalic.ttf */,
				92B024F12C90D63400171CEA /* Inter-Thin.ttf */,
				92B024F32C90D63400171CEA /* Inter-ThinItalic.ttf */,
				92B025032C90D63400171CEA /* InterDisplay-Black.ttf */,
				92B024EE2C90D63400171CEA /* InterDisplay-BlackItalic.ttf */,
				92B024FB2C90D63400171CEA /* InterDisplay-Bold.ttf */,
				92B025092C90D63400171CEA /* InterDisplay-BoldItalic.ttf */,
				92B025072C90D63400171CEA /* InterDisplay-ExtraBold.ttf */,
				92B025002C90D63400171CEA /* InterDisplay-ExtraBoldItalic.ttf */,
				92B024EF2C90D63400171CEA /* InterDisplay-ExtraLight.ttf */,
				92B024F92C90D63400171CEA /* InterDisplay-ExtraLightItalic.ttf */,
				92B024F02C90D63400171CEA /* InterDisplay-Italic.ttf */,
				92B024F42C90D63400171CEA /* InterDisplay-Light.ttf */,
				92B024ED2C90D63300171CEA /* InterDisplay-LightItalic.ttf */,
				92B025052C90D63400171CEA /* InterDisplay-Medium.ttf */,
				92B024FE2C90D63400171CEA /* InterDisplay-MediumItalic.ttf */,
				92B0250C2C90D63400171CEA /* InterDisplay-Regular.ttf */,
				92B024FF2C90D63400171CEA /* InterDisplay-SemiBold.ttf */,
				92B024FA2C90D63400171CEA /* InterDisplay-SemiBoldItalic.ttf */,
				92B025062C90D63400171CEA /* InterDisplay-Thin.ttf */,
				92B0250D2C90D63400171CEA /* InterDisplay-ThinItalic.ttf */,
			);
			path = Fonts;
			sourceTree = "<group>";
		};
		7CBBC96F2C80541F005B90D5 /* Controllers */ = {
			isa = PBXGroup;
			children = (
				7CD883132C90E2FC0020E617 /* settingsVC.swift */,
				7CD883142C90E2FC0020E617 /* SignInVC.swift */,
				7CD883162C90E2FC0020E617 /* SignUp2VC.swift */,
				7CD883152C90E2FC0020E617 /* SignUpVC.swift */,
				7CD883042C909C5E0020E617 /* Rewards */,
				7C9DEEE02C89E1190084EF5B /* Sign Up */,
				7CA2AA952C873D4500B68C66 /* Favourite List */,
				7CA4738E2C8335ED00D0EDE3 /* More */,
				7CA4738B2C8335C900D0EDE3 /* Transactions */,
				7CA473882C83359C00D0EDE3 /* Transfer */,
				7CA473822C8329A400D0EDE3 /* Home */,
				7CA1400F2C82253A0018232D /* Error */,
				7C3CFAB12C81C767003739CB /* Onboarding */,
				92B024E62C90D61900171CEA /* AlertVC.swift */,
				92B024E82C90D61900171CEA /* ChangePasswordVC.swift */,
				92B024E72C90D61900171CEA /* EditProfileVC.swift */,
				7C3AC3DB2C8B12EA004C4D2D /* ProfileVC.swift */,
				7CD8831D2C90FF350020E617 /* CountrySelectionVC.swift */,
			);
			path = Controllers;
			sourceTree = "<group>";
		};
		7CBBC9702C805434005B90D5 /* Models */ = {
			isa = PBXGroup;
			children = (
				7C0BE2EA2C8F01510032626C /* Transaction+CoreDataClass.swift */,
				7C0BE2E92C8F01510032626C /* Transaction+CoreDataProperties.swift */,
				7C3CFAB22C81C810003739CB /* OnboardingSlide.swift */,
				92B024DF2C90D58500171CEA /* FavouriteRecipient+CoreDataClass.swift */,
				92B024DE2C90D58500171CEA /* FavouriteRecipient+CoreDataProperties.swift */,
				7C9E83F22C8582B5000FFDE6 /* show.swift */,
				7C9A656A2C8A1B6A009DFE5C /* LocalNotificationManager.swift */,
				7C9A65702C8A59DA009DFE5C /* MoreCellModel.swift */,
				7CD883072C90A8400020E617 /* PointsManager.swift */,
				7CD883092C90B8280020E617 /* User.swift */,
				7CD8831B2C90F4270020E617 /* UserManager.swift */,
			);
			path = Models;
			sourceTree = "<group>";
		};
		7CBBC9752C806163005B90D5 /* Custom Views */ = {
			isa = PBXGroup;
			children = (
				7CBBC9762C806A62005B90D5 /* Gradient View.swift */,
				7CBBC9782C8098FC005B90D5 /* CustomPageControl.swift */,
				7CA473862C832A9F00D0EDE3 /* CustomTapBar.swift */,
				7CA2BAB82C83BE3D00774097 /* CustomStepControl.swift */,
				7C9DC6562C848B880095E8C5 /* RecentTransactionCell.swift */,
				7C9DC6572C848B880095E8C5 /* RecentTransactionCell.xib */,
				7C9D523A2C867C8A0061DF52 /* CustomTextField.swift */,
				7C9E3A282C8770EE00F304D3 /* CustomButton.swift */,
				7CD883022C90973E0020E617 /* CustomProgressBar.swift */,
			);
			path = "Custom Views";
			sourceTree = "<group>";
		};
		7CD883042C909C5E0020E617 /* Rewards */ = {
			isa = PBXGroup;
			children = (
				7CD883052C909C7E0020E617 /* RewardsVC.swift */,
			);
			path = Rewards;
			sourceTree = "<group>";
		};
		8531797A22DFB12C76E77A89 /* Pods */ = {
			isa = PBXGroup;
			children = (
				996057CA1A6E9082110B6C4E /* Pods-Speedo Transfer App.debug.xcconfig */,
				47D8967D65505E34EE5BB86C /* Pods-Speedo Transfer App.release.xcconfig */,
			);
			path = Pods;
			sourceTree = "<group>";
		};
		8D81FE61323A5959B6A5367B /* Frameworks */ = {
			isa = PBXGroup;
			children = (
				7FAC409776E5E718E4D51EA6 /* Pods_Speedo_Transfer_App.framework */,
			);
			name = Frameworks;
			sourceTree = "<group>";
		};
/* End PBXGroup section */

/* Begin PBXNativeTarget section */
		7CBBC9292C805032005B90D5 /* Speedo Transfer App */ = {
			isa = PBXNativeTarget;
			buildConfigurationList = 7CBBC9542C80503A005B90D5 /* Build configuration list for PBXNativeTarget "Speedo Transfer App" */;
			buildPhases = (
				1DBE4B4F4451E35456EF3687 /* [CP] Check Pods Manifest.lock */,
				7CBBC9262C805032005B90D5 /* Sources */,
				7CBBC9272C805032005B90D5 /* Frameworks */,
				7CBBC9282C805032005B90D5 /* Resources */,
				815BCA31BA6E8B0117649359 /* [CP] Embed Pods Frameworks */,
			);
			buildRules = (
			);
			dependencies = (
			);
			name = "Speedo Transfer App";
			productName = "Speedo Transfer App";
			productReference = 7CBBC92A2C805032005B90D5 /* Speedo Transfer App.app */;
			productType = "com.apple.product-type.application";
		};
		7CBBC93F2C80503A005B90D5 /* Speedo Transfer AppTests */ = {
			isa = PBXNativeTarget;
			buildConfigurationList = 7CBBC9572C80503A005B90D5 /* Build configuration list for PBXNativeTarget "Speedo Transfer AppTests" */;
			buildPhases = (
				7CBBC93C2C80503A005B90D5 /* Sources */,
				7CBBC93D2C80503A005B90D5 /* Frameworks */,
				7CBBC93E2C80503A005B90D5 /* Resources */,
			);
			buildRules = (
			);
			dependencies = (
				7CBBC9422C80503A005B90D5 /* PBXTargetDependency */,
			);
			name = "Speedo Transfer AppTests";
			productName = "Speedo Transfer AppTests";
			productReference = 7CBBC9402C80503A005B90D5 /* Speedo Transfer AppTests.xctest */;
			productType = "com.apple.product-type.bundle.unit-test";
		};
		7CBBC9492C80503A005B90D5 /* Speedo Transfer AppUITests */ = {
			isa = PBXNativeTarget;
			buildConfigurationList = 7CBBC95A2C80503A005B90D5 /* Build configuration list for PBXNativeTarget "Speedo Transfer AppUITests" */;
			buildPhases = (
				7CBBC9462C80503A005B90D5 /* Sources */,
				7CBBC9472C80503A005B90D5 /* Frameworks */,
				7CBBC9482C80503A005B90D5 /* Resources */,
			);
			buildRules = (
			);
			dependencies = (
				7CBBC94C2C80503A005B90D5 /* PBXTargetDependency */,
			);
			name = "Speedo Transfer AppUITests";
			productName = "Speedo Transfer AppUITests";
			productReference = 7CBBC94A2C80503A005B90D5 /* Speedo Transfer AppUITests.xctest */;
			productType = "com.apple.product-type.bundle.ui-testing";
		};
/* End PBXNativeTarget section */

/* Begin PBXProject section */
		7CBBC9222C805031005B90D5 /* Project object */ = {
			isa = PBXProject;
			attributes = {
				BuildIndependentTargetsInParallel = 1;
				LastSwiftUpdateCheck = 1330;
				LastUpgradeCheck = 1330;
				TargetAttributes = {
					7CBBC9292C805032005B90D5 = {
						CreatedOnToolsVersion = 13.3;
					};
					7CBBC93F2C80503A005B90D5 = {
						CreatedOnToolsVersion = 13.3;
						TestTargetID = 7CBBC9292C805032005B90D5;
					};
					7CBBC9492C80503A005B90D5 = {
						CreatedOnToolsVersion = 13.3;
						TestTargetID = 7CBBC9292C805032005B90D5;
					};
				};
			};
			buildConfigurationList = 7CBBC9252C805032005B90D5 /* Build configuration list for PBXProject "Speedo Transfer App" */;
			compatibilityVersion = "Xcode 13.0";
			developmentRegion = en;
			hasScannedForEncodings = 0;
			knownRegions = (
				en,
				Base,
			);
			mainGroup = 7CBBC9212C805031005B90D5;
			productRefGroup = 7CBBC92B2C805032005B90D5 /* Products */;
			projectDirPath = "";
			projectRoot = "";
			targets = (
				7CBBC9292C805032005B90D5 /* Speedo Transfer App */,
				7CBBC93F2C80503A005B90D5 /* Speedo Transfer AppTests */,
				7CBBC9492C80503A005B90D5 /* Speedo Transfer AppUITests */,
			);
		};
/* End PBXProject section */

/* Begin PBXResourcesBuildPhase section */
		7CBBC9282C805032005B90D5 /* Resources */ = {
			isa = PBXResourcesBuildPhase;
			buildActionMask = 2147483647;
			files = (
				7CBBC93A2C805038005B90D5 /* LaunchScreen.storyboard in Resources */,
				7C0BE2F72C8F37040032626C /* Main.storyboard in Resources */,
				7C3AC3D82C8B11D7004C4D2D /* FavouritesCell.xib in Resources */,
				7C9E3A242C8749C500F304D3 /* FavouriteListCell.xib in Resources */,
				7CA78DDF2C8C71A200316F3D /* TransactionsListCell.xib in Resources */,
				7CD0945B2C8FB9C400CD341C /* NotificationCell.xib in Resources */,
				7CBBC9372C805038005B90D5 /* Assets.xcassets in Resources */,
				7C2C08482C8F4312004650B9 /* Main2.storyboard in Resources */,
				7C9A656F2C8A3212009DFE5C /* MoreTableCell.xib in Resources */,
				7C9DC6592C848B880095E8C5 /* RecentTransactionCell.xib in Resources */,
			);
			runOnlyForDeploymentPostprocessing = 0;
		};
		7CBBC93E2C80503A005B90D5 /* Resources */ = {
			isa = PBXResourcesBuildPhase;
			buildActionMask = 2147483647;
			files = (
			);
			runOnlyForDeploymentPostprocessing = 0;
		};
		7CBBC9482C80503A005B90D5 /* Resources */ = {
			isa = PBXResourcesBuildPhase;
			buildActionMask = 2147483647;
			files = (
			);
			runOnlyForDeploymentPostprocessing = 0;
		};
/* End PBXResourcesBuildPhase section */

/* Begin PBXShellScriptBuildPhase section */
		1DBE4B4F4451E35456EF3687 /* [CP] Check Pods Manifest.lock */ = {
			isa = PBXShellScriptBuildPhase;
			buildActionMask = 2147483647;
			files = (
			);
			inputFileListPaths = (
			);
			inputPaths = (
				"${PODS_PODFILE_DIR_PATH}/Podfile.lock",
				"${PODS_ROOT}/Manifest.lock",
			);
			name = "[CP] Check Pods Manifest.lock";
			outputFileListPaths = (
			);
			outputPaths = (
				"$(DERIVED_FILE_DIR)/Pods-Speedo Transfer App-checkManifestLockResult.txt",
			);
			runOnlyForDeploymentPostprocessing = 0;
			shellPath = /bin/sh;
			shellScript = "diff \"${PODS_PODFILE_DIR_PATH}/Podfile.lock\" \"${PODS_ROOT}/Manifest.lock\" > /dev/null\nif [ $? != 0 ] ; then\n    # print error to STDERR\n    echo \"error: The sandbox is not in sync with the Podfile.lock. Run 'pod install' or update your CocoaPods installation.\" >&2\n    exit 1\nfi\n# This output is used by Xcode 'outputs' to avoid re-running this script phase.\necho \"SUCCESS\" > \"${SCRIPT_OUTPUT_FILE_0}\"\n";
			showEnvVarsInLog = 0;
		};
		815BCA31BA6E8B0117649359 /* [CP] Embed Pods Frameworks */ = {
			isa = PBXShellScriptBuildPhase;
			buildActionMask = 2147483647;
			files = (
			);
			inputFileListPaths = (
				"${PODS_ROOT}/Target Support Files/Pods-Speedo Transfer App/Pods-Speedo Transfer App-frameworks-${CONFIGURATION}-input-files.xcfilelist",
			);
			name = "[CP] Embed Pods Frameworks";
			outputFileListPaths = (
				"${PODS_ROOT}/Target Support Files/Pods-Speedo Transfer App/Pods-Speedo Transfer App-frameworks-${CONFIGURATION}-output-files.xcfilelist",
			);
			runOnlyForDeploymentPostprocessing = 0;
			shellPath = /bin/sh;
			shellScript = "\"${PODS_ROOT}/Target Support Files/Pods-Speedo Transfer App/Pods-Speedo Transfer App-frameworks.sh\"\n";
			showEnvVarsInLog = 0;
		};
/* End PBXShellScriptBuildPhase section */

/* Begin PBXSourcesBuildPhase section */
		7CBBC9262C805032005B90D5 /* Sources */ = {
			isa = PBXSourcesBuildPhase;
			buildActionMask = 2147483647;
			files = (
				7C9D523B2C867C8A0061DF52 /* CustomTextField.swift in Sources */,
				7CBBC9792C8098FC005B90D5 /* CustomPageControl.swift in Sources */,
				7CBBC9322C805032005B90D5 /* ViewController.swift in Sources */,
				7C9A656B2C8A1B6A009DFE5C /* LocalNotificationManager.swift in Sources */,
				7C6870C92C8CD99000C54A12 /* NotificationCell.swift in Sources */,
				7CA2BAB92C83BE3D00774097 /* CustomStepControl.swift in Sources */,
				7CD883082C90A8400020E617 /* PointsManager.swift in Sources */,
				7C3AC3DE2C8B15E1004C4D2D /* HelpVC.swift in Sources */,
				7C9E3A292C8770EE00F304D3 /* CustomButton.swift in Sources */,
				7CDC4C3A2C88D2C0006E77F8 /* UIVC+Alert.swift in Sources */,
				7C0BE2F02C8F2F860032626C /* ThirdStepPresenter.swift in Sources */,
				7CA473942C8354D000D0EDE3 /* ThirdStepVC.swift in Sources */,
				7C3AC3DA2C8B11FB004C4D2D /* FavouritesVC.swift in Sources */,
				7C9A656E2C8A3212009DFE5C /* MoreTableCell.swift in Sources */,
				7C0BE2F22C8F32990032626C /* ContainerPagePresenter.swift in Sources */,
				7CBBC9742C8054C8005B90D5 /* OnboardingVC.swift in Sources */,
				7CD883172C90E2FD0020E617 /* settingsVC.swift in Sources */,
				92B024D32C90D46600171CEA /* LoginPresenter.swift in Sources */,
				7CD8831C2C90F4270020E617 /* UserManager.swift in Sources */,
				92B024EA2C90D61900171CEA /* EditProfileVC.swift in Sources */,
				7CA473902C8335FE00D0EDE3 /* MoreVC.swift in Sources */,
				7C6870C42C8CC03200C54A12 /* TransactionInfoVC.swift in Sources */,
				7CDB0D652C8B7CD7004117C1 /* EditVC.swift in Sources */,
				92B024E12C90D58600171CEA /* FavouriteRecipient+CoreDataClass.swift in Sources */,
				7CA4738A2C8335BA00D0EDE3 /* FirstStepVC.swift in Sources */,
				7CD883112C90E2A60020E617 /* SecRegistrationPresenter.swift in Sources */,
				7C0BE2EB2C8F01520032626C /* Transaction+CoreDataProperties.swift in Sources */,
				7CB4E13A2C8E72DE00C5AB04 /* TransactionsPresenter.swift in Sources */,
				7CB4E13C2C8E767600C5AB04 /* OnboardingPresenter.swift in Sources */,
				7CBBC92E2C805032005B90D5 /* AppDelegate.swift in Sources */,
				7CB4E1312C8E0EB900C5AB04 /* FavouritesPresenter.swift in Sources */,
				7CD883032C90973F0020E617 /* CustomProgressBar.swift in Sources */,
				7CB4E12F2C8E01DC00C5AB04 /* NotificationPresenter.swift in Sources */,
				7CD8831E2C90FF350020E617 /* CountrySelectionVC.swift in Sources */,
				7CA473922C8354BB00D0EDE3 /* SecondStepVC.swift in Sources */,
				7C9E83F32C8582B5000FFDE6 /* show.swift in Sources */,
				7C0BE2EC2C8F01520032626C /* Transaction+CoreDataClass.swift in Sources */,
				7C3AC3DC2C8B12EA004C4D2D /* ProfileVC.swift in Sources */,
				7CA1366C2C8898D100D9F001 /* Speedo Transfer App.xcdatamodeld in Sources */,
				7C2C08492C8F4312004650B9 /* Speedo Transfer App.xcdatamodeld in Sources */,
				7C3AC3D72C8B11D7004C4D2D /* FavouritesCell.swift in Sources */,
				7CB4E1352C8E5AB200C5AB04 /* MorePresenter.swift in Sources */,
				7CA473812C8310EF00D0EDE3 /* CustomLabel.swift in Sources */,
				7C9A65712C8A59DA009DFE5C /* MoreCellModel.swift in Sources */,
				7CB4E1332C8E3A4800C5AB04 /* EditFavouritePresenter.swift in Sources */,
				7CA140112C8225750018232D /* NoInternetVC.swift in Sources */,
				7CD883122C90E2A60020E617 /* RegistrationPresenter.swift in Sources */,
				7CA473872C832A9F00D0EDE3 /* CustomTapBar.swift in Sources */,
				7C2C084B2C8F6871004650B9 /* String+Trimmed.swift in Sources */,
				7C3CFAB32C81C810003739CB /* OnboardingSlide.swift in Sources */,
				7CB4E12D2C8DE3BD00C5AB04 /* HomePresenter.swift in Sources */,
				92B024E02C90D58600171CEA /* FavouriteRecipient+CoreDataProperties.swift in Sources */,
				7CD8830A2C90B8280020E617 /* User.swift in Sources */,
				7CD8831A2C90E2FD0020E617 /* SignUp2VC.swift in Sources */,
				7CB4E13E2C8E7F7100C5AB04 /* FirstStepPresenter.swift in Sources */,
				7C9E3A232C8749C500F304D3 /* FavouriteListCell.swift in Sources */,
				7CE328E32C839922000AB319 /* ContainerPageVC.swift in Sources */,
				7CA4738D2C8335DD00D0EDE3 /* TransactionsVC.swift in Sources */,
				92B024E92C90D61900171CEA /* AlertVC.swift in Sources */,
				92B024EB2C90D61900171CEA /* ChangePasswordVC.swift in Sources */,
				7C3CFAB52C81DF45003739CB /* OnboardingCollectionViewCell.swift in Sources */,
				7CBBC9772C806A62005B90D5 /* Gradient View.swift in Sources */,
				7C9E3A262C874D2D00F304D3 /* FavouriteListVC.swift in Sources */,
				7CD883192C90E2FD0020E617 /* SignUpVC.swift in Sources */,
				7CA473852C8329D300D0EDE3 /* HomeVC.swift in Sources */,
				7CB4E1382C8E6D8A00C5AB04 /* TransactionService.swift in Sources */,
				7CA140132C822E150018232D /* ServerErrorVC.swift in Sources */,
				7C6870C62C8CD90D00C54A12 /* NotificationsVC.swift in Sources */,
				7C9E83F62C85843E000FFDE6 /* APIManager.swift in Sources */,
				7CAC47702C826AC900439771 /* CustomPinkColor.swift in Sources */,
				7CA78DDE2C8C71A200316F3D /* TransactionsListCell.swift in Sources */,
				7C0BE2EE2C8F2C2B0032626C /* SecondStepPresenter.swift in Sources */,
				7C9DC6582C848B880095E8C5 /* RecentTransactionCell.swift in Sources */,
				7CD883062C909C7E0020E617 /* RewardsVC.swift in Sources */,
				7CD883182C90E2FD0020E617 /* SignInVC.swift in Sources */,
			);
			runOnlyForDeploymentPostprocessing = 0;
		};
		7CBBC93C2C80503A005B90D5 /* Sources */ = {
			isa = PBXSourcesBuildPhase;
			buildActionMask = 2147483647;
			files = (
				7CBBC9452C80503A005B90D5 /* Speedo_Transfer_AppTests.swift in Sources */,
			);
			runOnlyForDeploymentPostprocessing = 0;
		};
		7CBBC9462C80503A005B90D5 /* Sources */ = {
			isa = PBXSourcesBuildPhase;
			buildActionMask = 2147483647;
			files = (
				7CBBC94F2C80503A005B90D5 /* Speedo_Transfer_AppUITests.swift in Sources */,
				7CBBC9512C80503A005B90D5 /* Speedo_Transfer_AppUITestsLaunchTests.swift in Sources */,
			);
			runOnlyForDeploymentPostprocessing = 0;
		};
/* End PBXSourcesBuildPhase section */

/* Begin PBXTargetDependency section */
		7CBBC9422C80503A005B90D5 /* PBXTargetDependency */ = {
			isa = PBXTargetDependency;
			target = 7CBBC9292C805032005B90D5 /* Speedo Transfer App */;
			targetProxy = 7CBBC9412C80503A005B90D5 /* PBXContainerItemProxy */;
		};
		7CBBC94C2C80503A005B90D5 /* PBXTargetDependency */ = {
			isa = PBXTargetDependency;
			target = 7CBBC9292C805032005B90D5 /* Speedo Transfer App */;
			targetProxy = 7CBBC94B2C80503A005B90D5 /* PBXContainerItemProxy */;
		};
/* End PBXTargetDependency section */

/* Begin PBXVariantGroup section */
		7CBBC9382C805038005B90D5 /* LaunchScreen.storyboard */ = {
			isa = PBXVariantGroup;
			children = (
				7CBBC9392C805038005B90D5 /* Base */,
			);
			name = LaunchScreen.storyboard;
			sourceTree = "<group>";
		};
/* End PBXVariantGroup section */

/* Begin XCBuildConfiguration section */
		7CBBC9522C80503A005B90D5 /* Debug */ = {
			isa = XCBuildConfiguration;
			buildSettings = {
				ALWAYS_SEARCH_USER_PATHS = NO;
				CLANG_ANALYZER_NONNULL = YES;
				CLANG_ANALYZER_NUMBER_OBJECT_CONVERSION = YES_AGGRESSIVE;
				CLANG_CXX_LANGUAGE_STANDARD = "gnu++17";
				CLANG_ENABLE_MODULES = YES;
				CLANG_ENABLE_OBJC_ARC = YES;
				CLANG_ENABLE_OBJC_WEAK = YES;
				CLANG_WARN_BLOCK_CAPTURE_AUTORELEASING = YES;
				CLANG_WARN_BOOL_CONVERSION = YES;
				CLANG_WARN_COMMA = YES;
				CLANG_WARN_CONSTANT_CONVERSION = YES;
				CLANG_WARN_DEPRECATED_OBJC_IMPLEMENTATIONS = YES;
				CLANG_WARN_DIRECT_OBJC_ISA_USAGE = YES_ERROR;
				CLANG_WARN_DOCUMENTATION_COMMENTS = YES;
				CLANG_WARN_EMPTY_BODY = YES;
				CLANG_WARN_ENUM_CONVERSION = YES;
				CLANG_WARN_INFINITE_RECURSION = YES;
				CLANG_WARN_INT_CONVERSION = YES;
				CLANG_WARN_NON_LITERAL_NULL_CONVERSION = YES;
				CLANG_WARN_OBJC_IMPLICIT_RETAIN_SELF = YES;
				CLANG_WARN_OBJC_LITERAL_CONVERSION = YES;
				CLANG_WARN_OBJC_ROOT_CLASS = YES_ERROR;
				CLANG_WARN_QUOTED_INCLUDE_IN_FRAMEWORK_HEADER = YES;
				CLANG_WARN_RANGE_LOOP_ANALYSIS = YES;
				CLANG_WARN_STRICT_PROTOTYPES = YES;
				CLANG_WARN_SUSPICIOUS_MOVE = YES;
				CLANG_WARN_UNGUARDED_AVAILABILITY = YES_AGGRESSIVE;
				CLANG_WARN_UNREACHABLE_CODE = YES;
				CLANG_WARN__DUPLICATE_METHOD_MATCH = YES;
				COPY_PHASE_STRIP = NO;
				DEBUG_INFORMATION_FORMAT = dwarf;
				ENABLE_STRICT_OBJC_MSGSEND = YES;
				ENABLE_TESTABILITY = YES;
				GCC_C_LANGUAGE_STANDARD = gnu11;
				GCC_DYNAMIC_NO_PIC = NO;
				GCC_NO_COMMON_BLOCKS = YES;
				GCC_OPTIMIZATION_LEVEL = 0;
				GCC_PREPROCESSOR_DEFINITIONS = (
					"DEBUG=1",
					"$(inherited)",
				);
				GCC_WARN_64_TO_32_BIT_CONVERSION = YES;
				GCC_WARN_ABOUT_RETURN_TYPE = YES_ERROR;
				GCC_WARN_UNDECLARED_SELECTOR = YES;
				GCC_WARN_UNINITIALIZED_AUTOS = YES_AGGRESSIVE;
				GCC_WARN_UNUSED_FUNCTION = YES;
				GCC_WARN_UNUSED_VARIABLE = YES;
				IPHONEOS_DEPLOYMENT_TARGET = 15.4;
				MTL_ENABLE_DEBUG_INFO = INCLUDE_SOURCE;
				MTL_FAST_MATH = YES;
				ONLY_ACTIVE_ARCH = YES;
				SDKROOT = iphoneos;
				SWIFT_ACTIVE_COMPILATION_CONDITIONS = DEBUG;
				SWIFT_OPTIMIZATION_LEVEL = "-Onone";
			};
			name = Debug;
		};
		7CBBC9532C80503A005B90D5 /* Release */ = {
			isa = XCBuildConfiguration;
			buildSettings = {
				ALWAYS_SEARCH_USER_PATHS = NO;
				CLANG_ANALYZER_NONNULL = YES;
				CLANG_ANALYZER_NUMBER_OBJECT_CONVERSION = YES_AGGRESSIVE;
				CLANG_CXX_LANGUAGE_STANDARD = "gnu++17";
				CLANG_ENABLE_MODULES = YES;
				CLANG_ENABLE_OBJC_ARC = YES;
				CLANG_ENABLE_OBJC_WEAK = YES;
				CLANG_WARN_BLOCK_CAPTURE_AUTORELEASING = YES;
				CLANG_WARN_BOOL_CONVERSION = YES;
				CLANG_WARN_COMMA = YES;
				CLANG_WARN_CONSTANT_CONVERSION = YES;
				CLANG_WARN_DEPRECATED_OBJC_IMPLEMENTATIONS = YES;
				CLANG_WARN_DIRECT_OBJC_ISA_USAGE = YES_ERROR;
				CLANG_WARN_DOCUMENTATION_COMMENTS = YES;
				CLANG_WARN_EMPTY_BODY = YES;
				CLANG_WARN_ENUM_CONVERSION = YES;
				CLANG_WARN_INFINITE_RECURSION = YES;
				CLANG_WARN_INT_CONVERSION = YES;
				CLANG_WARN_NON_LITERAL_NULL_CONVERSION = YES;
				CLANG_WARN_OBJC_IMPLICIT_RETAIN_SELF = YES;
				CLANG_WARN_OBJC_LITERAL_CONVERSION = YES;
				CLANG_WARN_OBJC_ROOT_CLASS = YES_ERROR;
				CLANG_WARN_QUOTED_INCLUDE_IN_FRAMEWORK_HEADER = YES;
				CLANG_WARN_RANGE_LOOP_ANALYSIS = YES;
				CLANG_WARN_STRICT_PROTOTYPES = YES;
				CLANG_WARN_SUSPICIOUS_MOVE = YES;
				CLANG_WARN_UNGUARDED_AVAILABILITY = YES_AGGRESSIVE;
				CLANG_WARN_UNREACHABLE_CODE = YES;
				CLANG_WARN__DUPLICATE_METHOD_MATCH = YES;
				COPY_PHASE_STRIP = NO;
				DEBUG_INFORMATION_FORMAT = "dwarf-with-dsym";
				ENABLE_NS_ASSERTIONS = NO;
				ENABLE_STRICT_OBJC_MSGSEND = YES;
				GCC_C_LANGUAGE_STANDARD = gnu11;
				GCC_NO_COMMON_BLOCKS = YES;
				GCC_WARN_64_TO_32_BIT_CONVERSION = YES;
				GCC_WARN_ABOUT_RETURN_TYPE = YES_ERROR;
				GCC_WARN_UNDECLARED_SELECTOR = YES;
				GCC_WARN_UNINITIALIZED_AUTOS = YES_AGGRESSIVE;
				GCC_WARN_UNUSED_FUNCTION = YES;
				GCC_WARN_UNUSED_VARIABLE = YES;
				IPHONEOS_DEPLOYMENT_TARGET = 15.4;
				MTL_ENABLE_DEBUG_INFO = NO;
				MTL_FAST_MATH = YES;
				SDKROOT = iphoneos;
				SWIFT_COMPILATION_MODE = wholemodule;
				SWIFT_OPTIMIZATION_LEVEL = "-O";
				VALIDATE_PRODUCT = YES;
			};
			name = Release;
		};
		7CBBC9552C80503A005B90D5 /* Debug */ = {
			isa = XCBuildConfiguration;
			baseConfigurationReference = 996057CA1A6E9082110B6C4E /* Pods-Speedo Transfer App.debug.xcconfig */;
			buildSettings = {
				ASSETCATALOG_COMPILER_APPICON_NAME = AppIcon;
				ASSETCATALOG_COMPILER_GLOBAL_ACCENT_COLOR_NAME = AccentColor;
				CODE_SIGN_STYLE = Automatic;
				CURRENT_PROJECT_VERSION = 1;
				GENERATE_INFOPLIST_FILE = YES;
				INFOPLIST_FILE = "Speedo Transfer App/Info.plist";
				INFOPLIST_KEY_UIApplicationSupportsIndirectInputEvents = YES;
				INFOPLIST_KEY_UILaunchStoryboardName = LaunchScreen;
				INFOPLIST_KEY_UIMainStoryboardFile = Main2;
				INFOPLIST_KEY_UISupportedInterfaceOrientations_iPad = "UIInterfaceOrientationPortrait UIInterfaceOrientationPortraitUpsideDown UIInterfaceOrientationLandscapeLeft UIInterfaceOrientationLandscapeRight";
				INFOPLIST_KEY_UISupportedInterfaceOrientations_iPhone = "UIInterfaceOrientationPortrait UIInterfaceOrientationLandscapeLeft UIInterfaceOrientationLandscapeRight";
				LD_RUNPATH_SEARCH_PATHS = (
					"$(inherited)",
					"@executable_path/Frameworks",
				);
				MARKETING_VERSION = 1.0;
				PRODUCT_BUNDLE_IDENTIFIER = "com.bankmisr.Speedo-Transfer-App";
				PRODUCT_NAME = "$(TARGET_NAME)";
				SWIFT_EMIT_LOC_STRINGS = YES;
				SWIFT_VERSION = 5.0;
				TARGETED_DEVICE_FAMILY = "1,2";
			};
			name = Debug;
		};
		7CBBC9562C80503A005B90D5 /* Release */ = {
			isa = XCBuildConfiguration;
			baseConfigurationReference = 47D8967D65505E34EE5BB86C /* Pods-Speedo Transfer App.release.xcconfig */;
			buildSettings = {
				ASSETCATALOG_COMPILER_APPICON_NAME = AppIcon;
				ASSETCATALOG_COMPILER_GLOBAL_ACCENT_COLOR_NAME = AccentColor;
				CODE_SIGN_STYLE = Automatic;
				CURRENT_PROJECT_VERSION = 1;
				GENERATE_INFOPLIST_FILE = YES;
				INFOPLIST_FILE = "Speedo Transfer App/Info.plist";
				INFOPLIST_KEY_UIApplicationSupportsIndirectInputEvents = YES;
				INFOPLIST_KEY_UILaunchStoryboardName = LaunchScreen;
				INFOPLIST_KEY_UIMainStoryboardFile = Main2;
				INFOPLIST_KEY_UISupportedInterfaceOrientations_iPad = "UIInterfaceOrientationPortrait UIInterfaceOrientationPortraitUpsideDown UIInterfaceOrientationLandscapeLeft UIInterfaceOrientationLandscapeRight";
				INFOPLIST_KEY_UISupportedInterfaceOrientations_iPhone = "UIInterfaceOrientationPortrait UIInterfaceOrientationLandscapeLeft UIInterfaceOrientationLandscapeRight";
				LD_RUNPATH_SEARCH_PATHS = (
					"$(inherited)",
					"@executable_path/Frameworks",
				);
				MARKETING_VERSION = 1.0;
				PRODUCT_BUNDLE_IDENTIFIER = "com.bankmisr.Speedo-Transfer-App";
				PRODUCT_NAME = "$(TARGET_NAME)";
				SWIFT_EMIT_LOC_STRINGS = YES;
				SWIFT_VERSION = 5.0;
				TARGETED_DEVICE_FAMILY = "1,2";
			};
			name = Release;
		};
		7CBBC9582C80503A005B90D5 /* Debug */ = {
			isa = XCBuildConfiguration;
			buildSettings = {
				ALWAYS_EMBED_SWIFT_STANDARD_LIBRARIES = YES;
				BUNDLE_LOADER = "$(TEST_HOST)";
				CODE_SIGN_STYLE = Automatic;
				CURRENT_PROJECT_VERSION = 1;
				GENERATE_INFOPLIST_FILE = YES;
				IPHONEOS_DEPLOYMENT_TARGET = 15.4;
				MARKETING_VERSION = 1.0;
				PRODUCT_BUNDLE_IDENTIFIER = "com.bankmisr.Speedo-Transfer-AppTests";
				PRODUCT_NAME = "$(TARGET_NAME)";
				SWIFT_EMIT_LOC_STRINGS = NO;
				SWIFT_VERSION = 5.0;
				TARGETED_DEVICE_FAMILY = "1,2";
				TEST_HOST = "$(BUILT_PRODUCTS_DIR)/Speedo Transfer App.app/Speedo Transfer App";
			};
			name = Debug;
		};
		7CBBC9592C80503A005B90D5 /* Release */ = {
			isa = XCBuildConfiguration;
			buildSettings = {
				ALWAYS_EMBED_SWIFT_STANDARD_LIBRARIES = YES;
				BUNDLE_LOADER = "$(TEST_HOST)";
				CODE_SIGN_STYLE = Automatic;
				CURRENT_PROJECT_VERSION = 1;
				GENERATE_INFOPLIST_FILE = YES;
				IPHONEOS_DEPLOYMENT_TARGET = 15.4;
				MARKETING_VERSION = 1.0;
				PRODUCT_BUNDLE_IDENTIFIER = "com.bankmisr.Speedo-Transfer-AppTests";
				PRODUCT_NAME = "$(TARGET_NAME)";
				SWIFT_EMIT_LOC_STRINGS = NO;
				SWIFT_VERSION = 5.0;
				TARGETED_DEVICE_FAMILY = "1,2";
				TEST_HOST = "$(BUILT_PRODUCTS_DIR)/Speedo Transfer App.app/Speedo Transfer App";
			};
			name = Release;
		};
		7CBBC95B2C80503A005B90D5 /* Debug */ = {
			isa = XCBuildConfiguration;
			buildSettings = {
				ALWAYS_EMBED_SWIFT_STANDARD_LIBRARIES = YES;
				CODE_SIGN_STYLE = Automatic;
				CURRENT_PROJECT_VERSION = 1;
				GENERATE_INFOPLIST_FILE = YES;
				MARKETING_VERSION = 1.0;
				PRODUCT_BUNDLE_IDENTIFIER = "com.bankmisr.Speedo-Transfer-AppUITests";
				PRODUCT_NAME = "$(TARGET_NAME)";
				SWIFT_EMIT_LOC_STRINGS = NO;
				SWIFT_VERSION = 5.0;
				TARGETED_DEVICE_FAMILY = "1,2";
				TEST_TARGET_NAME = "Speedo Transfer App";
			};
			name = Debug;
		};
		7CBBC95C2C80503A005B90D5 /* Release */ = {
			isa = XCBuildConfiguration;
			buildSettings = {
				ALWAYS_EMBED_SWIFT_STANDARD_LIBRARIES = YES;
				CODE_SIGN_STYLE = Automatic;
				CURRENT_PROJECT_VERSION = 1;
				GENERATE_INFOPLIST_FILE = YES;
				MARKETING_VERSION = 1.0;
				PRODUCT_BUNDLE_IDENTIFIER = "com.bankmisr.Speedo-Transfer-AppUITests";
				PRODUCT_NAME = "$(TARGET_NAME)";
				SWIFT_EMIT_LOC_STRINGS = NO;
				SWIFT_VERSION = 5.0;
				TARGETED_DEVICE_FAMILY = "1,2";
				TEST_TARGET_NAME = "Speedo Transfer App";
			};
			name = Release;
		};
/* End XCBuildConfiguration section */

/* Begin XCConfigurationList section */
		7CBBC9252C805032005B90D5 /* Build configuration list for PBXProject "Speedo Transfer App" */ = {
			isa = XCConfigurationList;
			buildConfigurations = (
				7CBBC9522C80503A005B90D5 /* Debug */,
				7CBBC9532C80503A005B90D5 /* Release */,
			);
			defaultConfigurationIsVisible = 0;
			defaultConfigurationName = Release;
		};
		7CBBC9542C80503A005B90D5 /* Build configuration list for PBXNativeTarget "Speedo Transfer App" */ = {
			isa = XCConfigurationList;
			buildConfigurations = (
				7CBBC9552C80503A005B90D5 /* Debug */,
				7CBBC9562C80503A005B90D5 /* Release */,
			);
			defaultConfigurationIsVisible = 0;
			defaultConfigurationName = Release;
		};
		7CBBC9572C80503A005B90D5 /* Build configuration list for PBXNativeTarget "Speedo Transfer AppTests" */ = {
			isa = XCConfigurationList;
			buildConfigurations = (
				7CBBC9582C80503A005B90D5 /* Debug */,
				7CBBC9592C80503A005B90D5 /* Release */,
			);
			defaultConfigurationIsVisible = 0;
			defaultConfigurationName = Release;
		};
		7CBBC95A2C80503A005B90D5 /* Build configuration list for PBXNativeTarget "Speedo Transfer AppUITests" */ = {
			isa = XCConfigurationList;
			buildConfigurations = (
				7CBBC95B2C80503A005B90D5 /* Debug */,
				7CBBC95C2C80503A005B90D5 /* Release */,
			);
			defaultConfigurationIsVisible = 0;
			defaultConfigurationName = Release;
		};
/* End XCConfigurationList section */

/* Begin XCVersionGroup section */
		7C2C08462C8F4312004650B9 /* Speedo Transfer App.xcdatamodeld */ = {
			isa = XCVersionGroup;
			children = (
				7C2C08472C8F4312004650B9 /* SpeedoTransferData.xcdatamodel */,
			);
			currentVersion = 7C2C08472C8F4312004650B9 /* SpeedoTransferData.xcdatamodel */;
			path = "Speedo Transfer App.xcdatamodeld";
			sourceTree = "<group>";
			versionGroupType = wrapper.xcdatamodel;
		};
		7CA1366A2C8898D100D9F001 /* Speedo Transfer App.xcdatamodeld */ = {
			isa = XCVersionGroup;
			children = (
				7CA1366B2C8898D100D9F001 /* SpeedoTransferData.xcdatamodel */,
			);
			currentVersion = 7CA1366B2C8898D100D9F001 /* SpeedoTransferData.xcdatamodel */;
			path = "Speedo Transfer App.xcdatamodeld";
			sourceTree = "<group>";
			versionGroupType = wrapper.xcdatamodel;
		};
/* End XCVersionGroup section */
	};
	rootObject = 7CBBC9222C805031005B90D5 /* Project object */;
}
